// !$*UTF8*$!
{
	archiveVersion = 1;
	classes = {
	};
	objectVersion = 48;
	objects = {

/* Begin PBXBuildFile section */
		5786C529DA92523A68516938 /* Pods_LeetCodeSwift.framework in Frameworks */ = {isa = PBXBuildFile; fileRef = 38A06DE28BDCF57961172ED1 /* Pods_LeetCodeSwift.framework */; };
		74B270135646CD5260490797 /* SetMatrixZeroesSolutionSpec.swift in Sources */ = {isa = PBXBuildFile; fileRef = 74B27F37DB41C18471437040 /* SetMatrixZeroesSolutionSpec.swift */; };
		74B270737C16F3273CF889FB /* ReverseLinkedListSolution.swift in Sources */ = {isa = PBXBuildFile; fileRef = 74B273B463A7CBDC39B936EC /* ReverseLinkedListSolution.swift */; };
		74B2707C564226584E557D34 /* FruitIntoBasketsSolution.swift in Sources */ = {isa = PBXBuildFile; fileRef = 74B27E569BD7F7DE7F8C7788 /* FruitIntoBasketsSolution.swift */; };
		74B27097640FA24C728D6D0C /* MeetingRoomsIISolutionSpec.swift in Sources */ = {isa = PBXBuildFile; fileRef = 74B27B9ED021A50B8787194E /* MeetingRoomsIISolutionSpec.swift */; };
		74B270D5982DF50E478B1452 /* MergeSortedArraySolutionSpec.swift in Sources */ = {isa = PBXBuildFile; fileRef = 74B27AC0A6B5D0B76DC6D5D4 /* MergeSortedArraySolutionSpec.swift */; };
		74B270E54A757A87446DB63A /* StringToIntegerSolution.swift in Sources */ = {isa = PBXBuildFile; fileRef = 74B270BEB5D1CE8D8C1CADD1 /* StringToIntegerSolution.swift */; };
		74B27147490A1BB662368514 /* CopyListWithRandomPointerSolution.swift in Sources */ = {isa = PBXBuildFile; fileRef = 74B27AF78D42B12A0F1E5FF2 /* CopyListWithRandomPointerSolution.swift */; };
		74B2716F4C26CCA6DC1C1970 /* LinkedListCycleSolution.swift in Sources */ = {isa = PBXBuildFile; fileRef = 74B27E8A287A78060C4B517D /* LinkedListCycleSolution.swift */; };
		74B271731364D61FD3070FED /* RomanToIntegerSolutionSpec.swift in Sources */ = {isa = PBXBuildFile; fileRef = 74B270A974824C36D9130E72 /* RomanToIntegerSolutionSpec.swift */; };
		74B271B50EC453424DAB088C /* SetMatrixZeroesSolution.swift in Sources */ = {isa = PBXBuildFile; fileRef = 74B27D38EBC63A6EB053585C /* SetMatrixZeroesSolution.swift */; };
		74B271B87DAF4B2F27A48137 /* NextClosestTimeSolutionSpec.swift in Sources */ = {isa = PBXBuildFile; fileRef = 74B27F6CCD7324716C0F7D19 /* NextClosestTimeSolutionSpec.swift */; };
		74B271BA3387DA5C17AB66B0 /* RegularExpressionMatchingSolution.swift in Sources */ = {isa = PBXBuildFile; fileRef = 74B277A8D121F160BAEEC562 /* RegularExpressionMatchingSolution.swift */; };
		74B271C2A7042436A2297217 /* PriorityQueue.swift in Sources */ = {isa = PBXBuildFile; fileRef = 74B27DBBFFC7A55103049591 /* PriorityQueue.swift */; };
		74B271D16AA190F56F391928 /* MergeSortedArraySolution.swift in Sources */ = {isa = PBXBuildFile; fileRef = 74B27DB45355D101344D125F /* MergeSortedArraySolution.swift */; };
		74B271D3F6D516058C41962D /* GroupAnagramsSolution.swift in Sources */ = {isa = PBXBuildFile; fileRef = 74B279C2ED0D9EEF5E234AED /* GroupAnagramsSolution.swift */; };
		74B271EB5EDBD16F49846D8A /* LongestPalindromeSolution.swift in Sources */ = {isa = PBXBuildFile; fileRef = 74B27487850208A0F7FF5907 /* LongestPalindromeSolution.swift */; };
		74B271F70FF1C78D5A349862 /* NumberOfIslandsSolution.swift in Sources */ = {isa = PBXBuildFile; fileRef = 74B27D803CE28809F0250A01 /* NumberOfIslandsSolution.swift */; };
		74B2725F83AFF8B05836EE14 /* LongestPalindromeSolutionSpec.swift in Sources */ = {isa = PBXBuildFile; fileRef = 74B275C026A5645FF151FD28 /* LongestPalindromeSolutionSpec.swift */; };
		74B272755A98D34F8493C5F7 /* MinimumWindowSubstringSolution.swift in Sources */ = {isa = PBXBuildFile; fileRef = 74B27163F2149948664DFCED /* MinimumWindowSubstringSolution.swift */; };
		74B272A46B71CF632996950D /* MinStack.swift in Sources */ = {isa = PBXBuildFile; fileRef = 74B2720D6A8071781C0DC321 /* MinStack.swift */; };
		74B272B287C2141F9BC520BA /* FruitIntoBasketsSolutionSpec.swift in Sources */ = {isa = PBXBuildFile; fileRef = 74B274BA7BC5C71AE9D52743 /* FruitIntoBasketsSolutionSpec.swift */; };
		74B272B2EBEA89F4CD19A03A /* ReverseIntegerSolutionSpec.swift in Sources */ = {isa = PBXBuildFile; fileRef = 74B27941DABBB8836A991738 /* ReverseIntegerSolutionSpec.swift */; };
		74B272B4CD3D06304E531AEF /* PowXnSolution.swift in Sources */ = {isa = PBXBuildFile; fileRef = 74B2716AE511B64775F033F6 /* PowXnSolution.swift */; };
		74B272B85400A54C788AD8FE /* Interval.swift in Sources */ = {isa = PBXBuildFile; fileRef = 74B272D691AC63C89FF76E4B /* Interval.swift */; };
		74B272E29D1FB6664B67BF0E /* RemoveInvalidParenthesesSolutionSpec.swift in Sources */ = {isa = PBXBuildFile; fileRef = 74B27E3DB91B24EBA4923572 /* RemoveInvalidParenthesesSolutionSpec.swift */; };
		74B2730A78F6654D49582C9F /* LongestSubstringWithoutRepeatingCharactersSolution.swift in Sources */ = {isa = PBXBuildFile; fileRef = 74B27C625281516587D9B156 /* LongestSubstringWithoutRepeatingCharactersSolution.swift */; };
		74B2734FAA3FE282830322DF /* GameOfLifeSolution.swift in Sources */ = {isa = PBXBuildFile; fileRef = 74B27971DED5780419E1A133 /* GameOfLifeSolution.swift */; };
		74B2736C5E9EF5281C5AEED2 /* MergeTwoSortedListsSolution.swift in Sources */ = {isa = PBXBuildFile; fileRef = 74B27501B49666DF6FBCA5B6 /* MergeTwoSortedListsSolution.swift */; };
		74B27409E82F9422C82A80DF /* MeetingRoomsIISolution.swift in Sources */ = {isa = PBXBuildFile; fileRef = 74B277C5A4CEE5BDB2A01F9A /* MeetingRoomsIISolution.swift */; };
		74B27419E567175988D5D609 /* LicenseKeyFormattingSolutionSpec.swift in Sources */ = {isa = PBXBuildFile; fileRef = 74B2748888F63F3661DB93B0 /* LicenseKeyFormattingSolutionSpec.swift */; };
		74B2744096355254B714E0A2 /* RandomListNode.swift in Sources */ = {isa = PBXBuildFile; fileRef = 74B276ECA9DD59CB3463822D /* RandomListNode.swift */; };
		74B274C29EA84B57A1F7E3E4 /* MoveZeroesSolutionSpec.swift in Sources */ = {isa = PBXBuildFile; fileRef = 74B271BF5234EB342CD70DA2 /* MoveZeroesSolutionSpec.swift */; };
		74B274CAAB647D1033D4AA36 /* TreeNode.swift in Sources */ = {isa = PBXBuildFile; fileRef = 74B271A60F5DE188B06FE1B4 /* TreeNode.swift */; };
		74B274D4D2831428A1EEA58A /* BasicCalculatorSolution.swift in Sources */ = {isa = PBXBuildFile; fileRef = 74B275056B456647F9A6FCBE /* BasicCalculatorSolution.swift */; };
		74B275168AEF36E74B514374 /* RomanToIntegerSolution.swift in Sources */ = {isa = PBXBuildFile; fileRef = 74B278F89F2329F173D6A764 /* RomanToIntegerSolution.swift */; };
		74B27526CAA7011FDE95AC7B /* CopyListWithRandomPointerSolutionSpec.swift in Sources */ = {isa = PBXBuildFile; fileRef = 74B2776D09154779F8E83F94 /* CopyListWithRandomPointerSolutionSpec.swift */; };
		74B2753900F9F4B7A232471F /* GameOfLifeSolutionSpec.swift in Sources */ = {isa = PBXBuildFile; fileRef = 74B27AD50562E854C01BBA71 /* GameOfLifeSolutionSpec.swift */; };
		74B27583B395A75394956893 /* TrappingRainWaterSolution.swift in Sources */ = {isa = PBXBuildFile; fileRef = 74B27F8858509353A5236A93 /* TrappingRainWaterSolution.swift */; };
		74B275AC8CFDA8B619FA295D /* SearchInRotatedSortedArraySolutionSpec.swift in Sources */ = {isa = PBXBuildFile; fileRef = 74B274924E52BEDAD3958379 /* SearchInRotatedSortedArraySolutionSpec.swift */; };
		74B276160B9DEE203EAD26B2 /* ReverseStringSolutionSpec.swift in Sources */ = {isa = PBXBuildFile; fileRef = 74B2797B79FC272313E1F5F8 /* ReverseStringSolutionSpec.swift */; };
		74B2761862749A8F99BAB432 /* JewelsAndStonesSolution.swift in Sources */ = {isa = PBXBuildFile; fileRef = 74B27918B4B2615B774F8EF1 /* JewelsAndStonesSolution.swift */; };
		74B2761E2D6019DDECBB32DE /* ValidParenthesesSolution.swift in Sources */ = {isa = PBXBuildFile; fileRef = 74B27ECF1265C9BCB5A176E7 /* ValidParenthesesSolution.swift */; };
		74B276220C9D02D745969E10 /* MoveZeroesSolution.swift in Sources */ = {isa = PBXBuildFile; fileRef = 74B270BDD51BC44FDDBB4F94 /* MoveZeroesSolution.swift */; };
		74B2762A251EB5CB4C629AF2 /* SpiralMatrixSolution.swift in Sources */ = {isa = PBXBuildFile; fileRef = 74B277399C667683D95B772F /* SpiralMatrixSolution.swift */; };
		74B27638CA568DA8AE5F7976 /* WordLadderSolutionSpec.swift in Sources */ = {isa = PBXBuildFile; fileRef = 74B2777A4D988C3CF72329E9 /* WordLadderSolutionSpec.swift */; };
		74B276394F00E1B41B848B09 /* MinStackSpec.swift in Sources */ = {isa = PBXBuildFile; fileRef = 74B27F7FB022FE78799480A7 /* MinStackSpec.swift */; };
		74B27677B11F4C8C5FACF806 /* LongestConsecutiveSequenceSolution.swift in Sources */ = {isa = PBXBuildFile; fileRef = 74B27512D6CF2B08138850B8 /* LongestConsecutiveSequenceSolution.swift */; };
		74B2767ABA7DFBDB7DE24296 /* LongestSubstringWithoutRepeatingCharactersSolutionSpec.swift in Sources */ = {isa = PBXBuildFile; fileRef = 74B2783A303FB50AFE5DFB59 /* LongestSubstringWithoutRepeatingCharactersSolutionSpec.swift */; };
		74B2770676CDAF2B9B4FDFFE /* LRUCacheSolutionSpec.swift in Sources */ = {isa = PBXBuildFile; fileRef = 74B27923BCC318BB16E51217 /* LRUCacheSolutionSpec.swift */; };
		74B2770A7264E39F667211B5 /* ProductOfArrayExceptSelfSolution.swift in Sources */ = {isa = PBXBuildFile; fileRef = 74B27EF08F926EF60B3E6DEF /* ProductOfArrayExceptSelfSolution.swift */; };
		74B2770A894AE88F77ED8BFC /* NextPermutationSolution.swift in Sources */ = {isa = PBXBuildFile; fileRef = 74B274658C09CB1F93826982 /* NextPermutationSolution.swift */; };
		74B2771AE945029153A9BD37 /* NumberOfIslandsSolutionSpec.swift in Sources */ = {isa = PBXBuildFile; fileRef = 74B27F40A65328F7799942F8 /* NumberOfIslandsSolutionSpec.swift */; };
		74B27767EA826842518179BD /* WordBreakSolution.swift in Sources */ = {isa = PBXBuildFile; fileRef = 74B2713EA79F1CA147D7F072 /* WordBreakSolution.swift */; };
		74B277A1E7DCF2ADB27FD3D9 /* ValidParenthesesSolutionSpec.swift in Sources */ = {isa = PBXBuildFile; fileRef = 74B2731F7CECF7527248F347 /* ValidParenthesesSolutionSpec.swift */; };
		74B277DA562CD48E1CBE76C1 /* PowXnSolutionSpec.swift in Sources */ = {isa = PBXBuildFile; fileRef = 74B2793B031C5DCADA5DC4B9 /* PowXnSolutionSpec.swift */; };
		74B277E5B65093796431E9DF /* LetterCombinationsOfAPhoneNumberSolutionSpec.swift in Sources */ = {isa = PBXBuildFile; fileRef = 74B2719841E1E3875F01C184 /* LetterCombinationsOfAPhoneNumberSolutionSpec.swift */; };
		74B2780051A70A956FC2EE61 /* ContainerWithMostWaterSolutionSpec.swift in Sources */ = {isa = PBXBuildFile; fileRef = 74B2711CE7F4874553BFB357 /* ContainerWithMostWaterSolutionSpec.swift */; };
		74B27814C761BD19209215A9 /* ContainerWithMostWaterSolution.swift in Sources */ = {isa = PBXBuildFile; fileRef = 74B27FD1A73BF6FE109BD952 /* ContainerWithMostWaterSolution.swift */; };
		74B27839BA6150B0C6A0D986 /* RemoveInvalidParenthesesSolution.swift in Sources */ = {isa = PBXBuildFile; fileRef = 74B270E9D17CF66D55054B7D /* RemoveInvalidParenthesesSolution.swift */; };
		74B278C55578A54FA8F1AEE3 /* GroupAnagramsSolutionSpec.swift in Sources */ = {isa = PBXBuildFile; fileRef = 74B273DBA699AFFD51D8974D /* GroupAnagramsSolutionSpec.swift */; };
		74B27931FDEFD8AF4E544A81 /* MergeIntervalsSolution.swift in Sources */ = {isa = PBXBuildFile; fileRef = 74B27D8073DE3FE4DCD3132A /* MergeIntervalsSolution.swift */; };
		74B279B56B330E151D87DD57 /* MostCommonWordSolutionSpec.swift in Sources */ = {isa = PBXBuildFile; fileRef = 74B2754BA97EF30803824F81 /* MostCommonWordSolutionSpec.swift */; };
		74B279ECABDEB63AF9A8C052 /* IntegerToEnglishWordsSolutionSpec.swift in Sources */ = {isa = PBXBuildFile; fileRef = 74B2751C6204DC35E2D4F274 /* IntegerToEnglishWordsSolutionSpec.swift */; };
		74B279ED5EE74F832AEA3C07 /* BSTIteratorSpec.swift in Sources */ = {isa = PBXBuildFile; fileRef = 74B273A5DF7D6A70E49A47C1 /* BSTIteratorSpec.swift */; };
		74B27A37C6A14552BC9FDD29 /* MinimumWindowSubstringSolutionSpec.swift in Sources */ = {isa = PBXBuildFile; fileRef = 74B27573C29C4EA25C9D7FC3 /* MinimumWindowSubstringSolutionSpec.swift */; };
		74B27A395CAD988A168E826F /* ThreeSumSolution.swift in Sources */ = {isa = PBXBuildFile; fileRef = 74B27BEC1613795D33C6C849 /* ThreeSumSolution.swift */; };
		74B27A51F4CCF7BD01E532DF /* JewelsAndStonesSolutionSpec.swift in Sources */ = {isa = PBXBuildFile; fileRef = 74B27DCFBA055636E7878DCA /* JewelsAndStonesSolutionSpec.swift */; };
		74B27A8053D9120F73AC5D1F /* SerializeAndDeserializeBinaryTreeSolutionSpec.swift in Sources */ = {isa = PBXBuildFile; fileRef = 74B27E73B01E2D7AF874B0CB /* SerializeAndDeserializeBinaryTreeSolutionSpec.swift */; };
		74B27A8CF336D127CE419754 /* NextPermutationSolutionSpec.swift in Sources */ = {isa = PBXBuildFile; fileRef = 74B279A704F5DBE30BB6869F /* NextPermutationSolutionSpec.swift */; };
		74B27A91A404591E7B50C5C1 /* LicenseKeyFormattingSolution.swift in Sources */ = {isa = PBXBuildFile; fileRef = 74B275248CE62C491617380C /* LicenseKeyFormattingSolution.swift */; };
		74B27AA0CEC6061F6B42EC47 /* SpiralMatrixSolutionSpec.swift in Sources */ = {isa = PBXBuildFile; fileRef = 74B2701A54180E69594B4A42 /* SpiralMatrixSolutionSpec.swift */; };
		74B27AAE9F6FB5290C9C6D03 /* NextClosestTimeSolution.swift in Sources */ = {isa = PBXBuildFile; fileRef = 74B27E49260C1B479F55CCF9 /* NextClosestTimeSolution.swift */; };
		74B27AAFE3BDE8E442AFC296 /* TrappingRainWaterSolutionSpec.swift in Sources */ = {isa = PBXBuildFile; fileRef = 74B27D54D0E95053FD6EFF1D /* TrappingRainWaterSolutionSpec.swift */; };
		74B27AE0CCFDE20EF4B60D86 /* MaximumSubarraySolution.swift in Sources */ = {isa = PBXBuildFile; fileRef = 74B27097FA0962D0B886EEA6 /* MaximumSubarraySolution.swift */; };
		74B27AF28DD9BF86168760C4 /* MergeTwoSortedListsSolutionSpec.swift in Sources */ = {isa = PBXBuildFile; fileRef = 74B27D3FE77E1D4DDBBC58F5 /* MergeTwoSortedListsSolutionSpec.swift */; };
		74B27B3433259927955890C6 /* WordBreakSolutionSpec.swift in Sources */ = {isa = PBXBuildFile; fileRef = 74B27DB2CD8B231A8839D5D2 /* WordBreakSolutionSpec.swift */; };
		74B27B344FC60307514C2AEF /* SerializeAndDeserializeBinaryTreeSolution.swift in Sources */ = {isa = PBXBuildFile; fileRef = 74B27B40552E593BF07D79AE /* SerializeAndDeserializeBinaryTreeSolution.swift */; };
		74B27B40B338D4CB62F409B2 /* AddBinarySolution.swift in Sources */ = {isa = PBXBuildFile; fileRef = 74B27F9581B0C6377CFB263F /* AddBinarySolution.swift */; };
		74B27B9707CB0CA5C5D2F7B2 /* LetterCombinationsOfAPhoneNumberSolution.swift in Sources */ = {isa = PBXBuildFile; fileRef = 74B27710ED82108B458A5933 /* LetterCombinationsOfAPhoneNumberSolution.swift */; };
		74B27BAD96674C81E6DE2110 /* MergeIntervalsSolutionSpec.swift in Sources */ = {isa = PBXBuildFile; fileRef = 74B271DAAFF2B4680C779C07 /* MergeIntervalsSolutionSpec.swift */; };
		74B27BDD4C3D5CDD484AB1C5 /* ReverseIntegerSolution.swift in Sources */ = {isa = PBXBuildFile; fileRef = 74B273EE3373A36AD0A8880B /* ReverseIntegerSolution.swift */; };
		74B27C30833443E0B4D9190B /* ThreeSumSolutionSpec.swift in Sources */ = {isa = PBXBuildFile; fileRef = 74B2732FE36173899D2FCC19 /* ThreeSumSolutionSpec.swift */; };
		74B27C7D82FA8C634C6BC925 /* AddTwoNumbersSolution.swift in Sources */ = {isa = PBXBuildFile; fileRef = 74B278AE2A3B4209A0F5717F /* AddTwoNumbersSolution.swift */; };
		74B27C895973F2D8B9576A92 /* LRUCacheSolution.swift in Sources */ = {isa = PBXBuildFile; fileRef = 74B27B1DCEEE359E230E22F8 /* LRUCacheSolution.swift */; };
		74B27CA1CDD9D4939D91F93B /* BestTimeToBuyAndSellStockSolution.swift in Sources */ = {isa = PBXBuildFile; fileRef = 74B27CCEF18E0F44BE23671E /* BestTimeToBuyAndSellStockSolution.swift */; };
		74B27CD62269B993EFDD5EA1 /* StringToIntegerSolutionSpec.swift in Sources */ = {isa = PBXBuildFile; fileRef = 74B27168E8ACD698F45F900A /* StringToIntegerSolutionSpec.swift */; };
		74B27CF80999B45DD31F463C /* ReverseStringSolution.swift in Sources */ = {isa = PBXBuildFile; fileRef = 74B27747226EF90CF0C36EB2 /* ReverseStringSolution.swift */; };
		74B27D1EE3864D3D83A172BC /* ZigZagConversionSolution.swift in Sources */ = {isa = PBXBuildFile; fileRef = 74B2765F2A1584E19FE60CBF /* ZigZagConversionSolution.swift */; };
		74B27D386E21F40816E653FF /* WordLadderSolution.swift in Sources */ = {isa = PBXBuildFile; fileRef = 74B271EA256B083710AF940C /* WordLadderSolution.swift */; };
		74B27D65A26D21BAF7242380 /* MostCommonWordSolution.swift in Sources */ = {isa = PBXBuildFile; fileRef = 74B27BBF7E4F5BB3B3ADEABC /* MostCommonWordSolution.swift */; };
		74B27D6ED32F0A12B0A9A837 /* MergeKSortedListsSolution.swift in Sources */ = {isa = PBXBuildFile; fileRef = 74B2720740A173C8E579EB04 /* MergeKSortedListsSolution.swift */; };
		74B27D73D12F5642C6898AB6 /* AddBinarySolutionSpec.swift in Sources */ = {isa = PBXBuildFile; fileRef = 74B27E3E030C8E9A9A306CD0 /* AddBinarySolutionSpec.swift */; };
		74B27DAB9AB09332941997B7 /* GenerateParenthesesSolution.swift in Sources */ = {isa = PBXBuildFile; fileRef = 74B274B216EB123868F28179 /* GenerateParenthesesSolution.swift */; };
		74B27DB52B4DFF944EDE8614 /* KEmptySlotsSolutionSpec.swift in Sources */ = {isa = PBXBuildFile; fileRef = 74B272EE1BF48C265C497E3C /* KEmptySlotsSolutionSpec.swift */; };
		74B27DD3B749A80BD7FFF856 /* BSTIterator.swift in Sources */ = {isa = PBXBuildFile; fileRef = 74B275027996DF5E5906CDAA /* BSTIterator.swift */; };
		74B27DEB1992066548B10925 /* PalindromeNumberSolutionSpec.swift in Sources */ = {isa = PBXBuildFile; fileRef = 74B2791F9561B42118647133 /* PalindromeNumberSolutionSpec.swift */; };
		74B27E2E2F5F1CB11220971E /* BasicCalculatorSolutionSpec.swift in Sources */ = {isa = PBXBuildFile; fileRef = 74B276F49E9E3F5AA9AFE134 /* BasicCalculatorSolutionSpec.swift */; };
		74B27E38D3C64AC08F2B4991 /* LongestConsecutiveSequenceSolutionSpec.swift in Sources */ = {isa = PBXBuildFile; fileRef = 74B2726CA90DC94B018E1CB7 /* LongestConsecutiveSequenceSolutionSpec.swift */; };
		74B27E462F2B8AEC8031EE46 /* AddTwoNumbersSolutionSpec.swift in Sources */ = {isa = PBXBuildFile; fileRef = 74B272871D906537D56438F9 /* AddTwoNumbersSolutionSpec.swift */; };
		74B27E53DB1869231338C959 /* ProductOfArrayExceptSelfSolutionSpec.swift in Sources */ = {isa = PBXBuildFile; fileRef = 74B27423ADC4657107902A37 /* ProductOfArrayExceptSelfSolutionSpec.swift */; };
		74B27E56ED71B982CF293A9C /* SearchInRotatedSortedArraySolution.swift in Sources */ = {isa = PBXBuildFile; fileRef = 74B277455589C6207B9F9B59 /* SearchInRotatedSortedArraySolution.swift */; };
		74B27E5DDC980B80F0973C98 /* MergeKSortedListsSolutionSpec.swift in Sources */ = {isa = PBXBuildFile; fileRef = 74B2715845D7B659DA3DB03F /* MergeKSortedListsSolutionSpec.swift */; };
		74B27E7ACAB47E97F86208D4 /* RegularExpressionMatchingSolutionSpec.swift in Sources */ = {isa = PBXBuildFile; fileRef = 74B272EB22D8ABCFCAA9C1C8 /* RegularExpressionMatchingSolutionSpec.swift */; };
		74B27EA1964103B7FC9F4474 /* ReverseLinkedListSolutionSpec.swift in Sources */ = {isa = PBXBuildFile; fileRef = 74B27AFAB3CFC15F6DFD39CE /* ReverseLinkedListSolutionSpec.swift */; };
		74B27EBA1C3E71128F8A61E9 /* MedianOfTwoSortedArraysSolution.swift in Sources */ = {isa = PBXBuildFile; fileRef = 74B2799AEA328569240AB73C /* MedianOfTwoSortedArraysSolution.swift */; };
		74B27EBBE3C6E4D3DE966BC9 /* MaximumSubarraySolutionSpec.swift in Sources */ = {isa = PBXBuildFile; fileRef = 74B27CEA8E288F1012A63C3F /* MaximumSubarraySolutionSpec.swift */; };
		74B27ECFD7C1CD4B6BE9C668 /* IntegerToEnglishWordsSolution.swift in Sources */ = {isa = PBXBuildFile; fileRef = 74B27FA98CEFA20BCD62843C /* IntegerToEnglishWordsSolution.swift */; };
		74B27EE158539022FC681CFA /* PalindromeNumberSolution.swift in Sources */ = {isa = PBXBuildFile; fileRef = 74B271085602459A997B6383 /* PalindromeNumberSolution.swift */; };
		74B27EF661231B20EA5E6866 /* ListNode.swift in Sources */ = {isa = PBXBuildFile; fileRef = 74B27242C147968D420CAF24 /* ListNode.swift */; };
		74B27F012C4C98271DECB0F2 /* LinkedListCycleSolutionSpec.swift in Sources */ = {isa = PBXBuildFile; fileRef = 74B27E82978687A4502790A2 /* LinkedListCycleSolutionSpec.swift */; };
		74B27FBC9F94C5854E794E11 /* GenerateParenthesesSolutionSpec.swift in Sources */ = {isa = PBXBuildFile; fileRef = 74B27CC63DA628517E2697BB /* GenerateParenthesesSolutionSpec.swift */; };
		74B27FCDD4272A40EDB3812B /* ZigZagConversionSolutionSpec.swift in Sources */ = {isa = PBXBuildFile; fileRef = 74B278983BE74CD46A316DF7 /* ZigZagConversionSolutionSpec.swift */; };
		74B27FEB16CD1E70595AEC95 /* KEmptySlotsSolution.swift in Sources */ = {isa = PBXBuildFile; fileRef = 74B27712F2EE4B7C17A82DC8 /* KEmptySlotsSolution.swift */; };
		74B27FF2F27B68C42A64386B /* BestTimeToBuyAndSellStockSolutionSpec.swift in Sources */ = {isa = PBXBuildFile; fileRef = 74B27BB3F5D8B51A97E1E27A /* BestTimeToBuyAndSellStockSolutionSpec.swift */; };
		B3997D39D6810CF65C695088 /* Pods_LeetCodeSwiftTests.framework in Frameworks */ = {isa = PBXBuildFile; fileRef = 35EA7DA9646D7A191931CDA5 /* Pods_LeetCodeSwiftTests.framework */; };
		EFD9FC4820599AC800299F54 /* LeetCodeSwift.framework in Frameworks */ = {isa = PBXBuildFile; fileRef = EFD9FC3E20599AC800299F54 /* LeetCodeSwift.framework */; };
		EFD9FC4F20599AC800299F54 /* LeetCodeSwift.h in Headers */ = {isa = PBXBuildFile; fileRef = EFD9FC4120599AC800299F54 /* LeetCodeSwift.h */; settings = {ATTRIBUTES = (Public, ); }; };
		EFD9FC5B20599FF000299F54 /* TwoSumSolution.swift in Sources */ = {isa = PBXBuildFile; fileRef = EFD9FC5A20599FF000299F54 /* TwoSumSolution.swift */; };
		EFD9FC612059A61700299F54 /* TwoSumSolutionSpec.swift in Sources */ = {isa = PBXBuildFile; fileRef = EFD9FC602059A61700299F54 /* TwoSumSolutionSpec.swift */; };
		EFE15A2B206D8922001E1BE7 /* MedianOfTwoSortedArraysSolutionSpec.swift in Sources */ = {isa = PBXBuildFile; fileRef = 74B27D11C0003EF4D96630A8 /* MedianOfTwoSortedArraysSolutionSpec.swift */; };
/* End PBXBuildFile section */

/* Begin PBXContainerItemProxy section */
		EFD9FC4920599AC800299F54 /* PBXContainerItemProxy */ = {
			isa = PBXContainerItemProxy;
			containerPortal = EFD9FC3520599AC800299F54 /* Project object */;
			proxyType = 1;
			remoteGlobalIDString = EFD9FC3D20599AC800299F54;
			remoteInfo = LeetCodeSwift;
		};
/* End PBXContainerItemProxy section */

/* Begin PBXFileReference section */
		249FCEA77EA2D77F31BFD9A8 /* Pods-LeetCodeSwift.debug.xcconfig */ = {isa = PBXFileReference; includeInIndex = 1; lastKnownFileType = text.xcconfig; name = "Pods-LeetCodeSwift.debug.xcconfig"; path = "Pods/Target Support Files/Pods-LeetCodeSwift/Pods-LeetCodeSwift.debug.xcconfig"; sourceTree = "<group>"; };
		35EA7DA9646D7A191931CDA5 /* Pods_LeetCodeSwiftTests.framework */ = {isa = PBXFileReference; explicitFileType = wrapper.framework; includeInIndex = 0; path = Pods_LeetCodeSwiftTests.framework; sourceTree = BUILT_PRODUCTS_DIR; };
		38A06DE28BDCF57961172ED1 /* Pods_LeetCodeSwift.framework */ = {isa = PBXFileReference; explicitFileType = wrapper.framework; includeInIndex = 0; path = Pods_LeetCodeSwift.framework; sourceTree = BUILT_PRODUCTS_DIR; };
		606F052316F4ECA9F4732741 /* Pods-LeetCodeSwiftTests.debug.xcconfig */ = {isa = PBXFileReference; includeInIndex = 1; lastKnownFileType = text.xcconfig; name = "Pods-LeetCodeSwiftTests.debug.xcconfig"; path = "Pods/Target Support Files/Pods-LeetCodeSwiftTests/Pods-LeetCodeSwiftTests.debug.xcconfig"; sourceTree = "<group>"; };
		74B2701A54180E69594B4A42 /* SpiralMatrixSolutionSpec.swift */ = {isa = PBXFileReference; fileEncoding = 4; lastKnownFileType = sourcecode.swift; path = SpiralMatrixSolutionSpec.swift; sourceTree = "<group>"; };
		74B27097FA0962D0B886EEA6 /* MaximumSubarraySolution.swift */ = {isa = PBXFileReference; fileEncoding = 4; lastKnownFileType = sourcecode.swift; path = MaximumSubarraySolution.swift; sourceTree = "<group>"; };
		74B270A974824C36D9130E72 /* RomanToIntegerSolutionSpec.swift */ = {isa = PBXFileReference; fileEncoding = 4; lastKnownFileType = sourcecode.swift; path = RomanToIntegerSolutionSpec.swift; sourceTree = "<group>"; };
		74B270BDD51BC44FDDBB4F94 /* MoveZeroesSolution.swift */ = {isa = PBXFileReference; fileEncoding = 4; lastKnownFileType = sourcecode.swift; path = MoveZeroesSolution.swift; sourceTree = "<group>"; };
		74B270BEB5D1CE8D8C1CADD1 /* StringToIntegerSolution.swift */ = {isa = PBXFileReference; fileEncoding = 4; lastKnownFileType = sourcecode.swift; path = StringToIntegerSolution.swift; sourceTree = "<group>"; };
		74B270E9D17CF66D55054B7D /* RemoveInvalidParenthesesSolution.swift */ = {isa = PBXFileReference; fileEncoding = 4; lastKnownFileType = sourcecode.swift; path = RemoveInvalidParenthesesSolution.swift; sourceTree = "<group>"; };
		74B271085602459A997B6383 /* PalindromeNumberSolution.swift */ = {isa = PBXFileReference; fileEncoding = 4; lastKnownFileType = sourcecode.swift; path = PalindromeNumberSolution.swift; sourceTree = "<group>"; };
		74B2711CE7F4874553BFB357 /* ContainerWithMostWaterSolutionSpec.swift */ = {isa = PBXFileReference; fileEncoding = 4; lastKnownFileType = sourcecode.swift; path = ContainerWithMostWaterSolutionSpec.swift; sourceTree = "<group>"; };
		74B2713EA79F1CA147D7F072 /* WordBreakSolution.swift */ = {isa = PBXFileReference; fileEncoding = 4; lastKnownFileType = sourcecode.swift; path = WordBreakSolution.swift; sourceTree = "<group>"; };
		74B2715845D7B659DA3DB03F /* MergeKSortedListsSolutionSpec.swift */ = {isa = PBXFileReference; fileEncoding = 4; lastKnownFileType = sourcecode.swift; path = MergeKSortedListsSolutionSpec.swift; sourceTree = "<group>"; };
		74B27163F2149948664DFCED /* MinimumWindowSubstringSolution.swift */ = {isa = PBXFileReference; fileEncoding = 4; lastKnownFileType = sourcecode.swift; path = MinimumWindowSubstringSolution.swift; sourceTree = "<group>"; };
		74B27168E8ACD698F45F900A /* StringToIntegerSolutionSpec.swift */ = {isa = PBXFileReference; fileEncoding = 4; lastKnownFileType = sourcecode.swift; path = StringToIntegerSolutionSpec.swift; sourceTree = "<group>"; };
		74B2716AE511B64775F033F6 /* PowXnSolution.swift */ = {isa = PBXFileReference; fileEncoding = 4; lastKnownFileType = sourcecode.swift; path = PowXnSolution.swift; sourceTree = "<group>"; };
		74B2719841E1E3875F01C184 /* LetterCombinationsOfAPhoneNumberSolutionSpec.swift */ = {isa = PBXFileReference; fileEncoding = 4; lastKnownFileType = sourcecode.swift; path = LetterCombinationsOfAPhoneNumberSolutionSpec.swift; sourceTree = "<group>"; };
		74B271A60F5DE188B06FE1B4 /* TreeNode.swift */ = {isa = PBXFileReference; fileEncoding = 4; lastKnownFileType = sourcecode.swift; path = TreeNode.swift; sourceTree = "<group>"; };
		74B271BF5234EB342CD70DA2 /* MoveZeroesSolutionSpec.swift */ = {isa = PBXFileReference; fileEncoding = 4; lastKnownFileType = sourcecode.swift; path = MoveZeroesSolutionSpec.swift; sourceTree = "<group>"; };
		74B271DAAFF2B4680C779C07 /* MergeIntervalsSolutionSpec.swift */ = {isa = PBXFileReference; fileEncoding = 4; lastKnownFileType = sourcecode.swift; path = MergeIntervalsSolutionSpec.swift; sourceTree = "<group>"; };
		74B271EA256B083710AF940C /* WordLadderSolution.swift */ = {isa = PBXFileReference; fileEncoding = 4; lastKnownFileType = sourcecode.swift; path = WordLadderSolution.swift; sourceTree = "<group>"; };
		74B2720740A173C8E579EB04 /* MergeKSortedListsSolution.swift */ = {isa = PBXFileReference; fileEncoding = 4; lastKnownFileType = sourcecode.swift; path = MergeKSortedListsSolution.swift; sourceTree = "<group>"; };
		74B2720D6A8071781C0DC321 /* MinStack.swift */ = {isa = PBXFileReference; fileEncoding = 4; lastKnownFileType = sourcecode.swift; path = MinStack.swift; sourceTree = "<group>"; };
		74B27242C147968D420CAF24 /* ListNode.swift */ = {isa = PBXFileReference; fileEncoding = 4; lastKnownFileType = sourcecode.swift; path = ListNode.swift; sourceTree = "<group>"; };
		74B2726CA90DC94B018E1CB7 /* LongestConsecutiveSequenceSolutionSpec.swift */ = {isa = PBXFileReference; fileEncoding = 4; lastKnownFileType = sourcecode.swift; path = LongestConsecutiveSequenceSolutionSpec.swift; sourceTree = "<group>"; };
		74B272871D906537D56438F9 /* AddTwoNumbersSolutionSpec.swift */ = {isa = PBXFileReference; fileEncoding = 4; lastKnownFileType = sourcecode.swift; path = AddTwoNumbersSolutionSpec.swift; sourceTree = "<group>"; };
		74B272D691AC63C89FF76E4B /* Interval.swift */ = {isa = PBXFileReference; fileEncoding = 4; lastKnownFileType = sourcecode.swift; path = Interval.swift; sourceTree = "<group>"; };
		74B272EB22D8ABCFCAA9C1C8 /* RegularExpressionMatchingSolutionSpec.swift */ = {isa = PBXFileReference; fileEncoding = 4; lastKnownFileType = sourcecode.swift; path = RegularExpressionMatchingSolutionSpec.swift; sourceTree = "<group>"; };
		74B272EE1BF48C265C497E3C /* KEmptySlotsSolutionSpec.swift */ = {isa = PBXFileReference; fileEncoding = 4; lastKnownFileType = sourcecode.swift; path = KEmptySlotsSolutionSpec.swift; sourceTree = "<group>"; };
		74B2731F7CECF7527248F347 /* ValidParenthesesSolutionSpec.swift */ = {isa = PBXFileReference; fileEncoding = 4; lastKnownFileType = sourcecode.swift; path = ValidParenthesesSolutionSpec.swift; sourceTree = "<group>"; };
		74B2732FE36173899D2FCC19 /* ThreeSumSolutionSpec.swift */ = {isa = PBXFileReference; fileEncoding = 4; lastKnownFileType = sourcecode.swift; path = ThreeSumSolutionSpec.swift; sourceTree = "<group>"; };
		74B273A5DF7D6A70E49A47C1 /* BSTIteratorSpec.swift */ = {isa = PBXFileReference; fileEncoding = 4; lastKnownFileType = sourcecode.swift; path = BSTIteratorSpec.swift; sourceTree = "<group>"; };
		74B273B463A7CBDC39B936EC /* ReverseLinkedListSolution.swift */ = {isa = PBXFileReference; fileEncoding = 4; lastKnownFileType = sourcecode.swift; path = ReverseLinkedListSolution.swift; sourceTree = "<group>"; };
		74B273DBA699AFFD51D8974D /* GroupAnagramsSolutionSpec.swift */ = {isa = PBXFileReference; fileEncoding = 4; lastKnownFileType = sourcecode.swift; path = GroupAnagramsSolutionSpec.swift; sourceTree = "<group>"; };
		74B273EE3373A36AD0A8880B /* ReverseIntegerSolution.swift */ = {isa = PBXFileReference; fileEncoding = 4; lastKnownFileType = sourcecode.swift; path = ReverseIntegerSolution.swift; sourceTree = "<group>"; };
		74B27423ADC4657107902A37 /* ProductOfArrayExceptSelfSolutionSpec.swift */ = {isa = PBXFileReference; fileEncoding = 4; lastKnownFileType = sourcecode.swift; path = ProductOfArrayExceptSelfSolutionSpec.swift; sourceTree = "<group>"; };
		74B274658C09CB1F93826982 /* NextPermutationSolution.swift */ = {isa = PBXFileReference; fileEncoding = 4; lastKnownFileType = sourcecode.swift; path = NextPermutationSolution.swift; sourceTree = "<group>"; };
		74B27487850208A0F7FF5907 /* LongestPalindromeSolution.swift */ = {isa = PBXFileReference; fileEncoding = 4; lastKnownFileType = sourcecode.swift; path = LongestPalindromeSolution.swift; sourceTree = "<group>"; };
		74B2748888F63F3661DB93B0 /* LicenseKeyFormattingSolutionSpec.swift */ = {isa = PBXFileReference; fileEncoding = 4; lastKnownFileType = sourcecode.swift; path = LicenseKeyFormattingSolutionSpec.swift; sourceTree = "<group>"; };
		74B274924E52BEDAD3958379 /* SearchInRotatedSortedArraySolutionSpec.swift */ = {isa = PBXFileReference; fileEncoding = 4; lastKnownFileType = sourcecode.swift; path = SearchInRotatedSortedArraySolutionSpec.swift; sourceTree = "<group>"; };
		74B274B216EB123868F28179 /* GenerateParenthesesSolution.swift */ = {isa = PBXFileReference; fileEncoding = 4; lastKnownFileType = sourcecode.swift; path = GenerateParenthesesSolution.swift; sourceTree = "<group>"; };
		74B274BA7BC5C71AE9D52743 /* FruitIntoBasketsSolutionSpec.swift */ = {isa = PBXFileReference; fileEncoding = 4; lastKnownFileType = sourcecode.swift; path = FruitIntoBasketsSolutionSpec.swift; sourceTree = "<group>"; };
		74B27501B49666DF6FBCA5B6 /* MergeTwoSortedListsSolution.swift */ = {isa = PBXFileReference; fileEncoding = 4; lastKnownFileType = sourcecode.swift; path = MergeTwoSortedListsSolution.swift; sourceTree = "<group>"; };
		74B275027996DF5E5906CDAA /* BSTIterator.swift */ = {isa = PBXFileReference; fileEncoding = 4; lastKnownFileType = sourcecode.swift; path = BSTIterator.swift; sourceTree = "<group>"; };
		74B275056B456647F9A6FCBE /* BasicCalculatorSolution.swift */ = {isa = PBXFileReference; fileEncoding = 4; lastKnownFileType = sourcecode.swift; path = BasicCalculatorSolution.swift; sourceTree = "<group>"; };
		74B27512D6CF2B08138850B8 /* LongestConsecutiveSequenceSolution.swift */ = {isa = PBXFileReference; fileEncoding = 4; lastKnownFileType = sourcecode.swift; path = LongestConsecutiveSequenceSolution.swift; sourceTree = "<group>"; };
		74B2751C6204DC35E2D4F274 /* IntegerToEnglishWordsSolutionSpec.swift */ = {isa = PBXFileReference; fileEncoding = 4; lastKnownFileType = sourcecode.swift; path = IntegerToEnglishWordsSolutionSpec.swift; sourceTree = "<group>"; };
		74B275248CE62C491617380C /* LicenseKeyFormattingSolution.swift */ = {isa = PBXFileReference; fileEncoding = 4; lastKnownFileType = sourcecode.swift; path = LicenseKeyFormattingSolution.swift; sourceTree = "<group>"; };
		74B2754BA97EF30803824F81 /* MostCommonWordSolutionSpec.swift */ = {isa = PBXFileReference; fileEncoding = 4; lastKnownFileType = sourcecode.swift; path = MostCommonWordSolutionSpec.swift; sourceTree = "<group>"; };
		74B27573C29C4EA25C9D7FC3 /* MinimumWindowSubstringSolutionSpec.swift */ = {isa = PBXFileReference; fileEncoding = 4; lastKnownFileType = sourcecode.swift; path = MinimumWindowSubstringSolutionSpec.swift; sourceTree = "<group>"; };
		74B275C026A5645FF151FD28 /* LongestPalindromeSolutionSpec.swift */ = {isa = PBXFileReference; fileEncoding = 4; lastKnownFileType = sourcecode.swift; path = LongestPalindromeSolutionSpec.swift; sourceTree = "<group>"; };
		74B2765F2A1584E19FE60CBF /* ZigZagConversionSolution.swift */ = {isa = PBXFileReference; fileEncoding = 4; lastKnownFileType = sourcecode.swift; path = ZigZagConversionSolution.swift; sourceTree = "<group>"; };
		74B276ECA9DD59CB3463822D /* RandomListNode.swift */ = {isa = PBXFileReference; fileEncoding = 4; lastKnownFileType = sourcecode.swift; path = RandomListNode.swift; sourceTree = "<group>"; };
		74B276F49E9E3F5AA9AFE134 /* BasicCalculatorSolutionSpec.swift */ = {isa = PBXFileReference; fileEncoding = 4; lastKnownFileType = sourcecode.swift; path = BasicCalculatorSolutionSpec.swift; sourceTree = "<group>"; };
		74B27710ED82108B458A5933 /* LetterCombinationsOfAPhoneNumberSolution.swift */ = {isa = PBXFileReference; fileEncoding = 4; lastKnownFileType = sourcecode.swift; path = LetterCombinationsOfAPhoneNumberSolution.swift; sourceTree = "<group>"; };
		74B27712F2EE4B7C17A82DC8 /* KEmptySlotsSolution.swift */ = {isa = PBXFileReference; fileEncoding = 4; lastKnownFileType = sourcecode.swift; path = KEmptySlotsSolution.swift; sourceTree = "<group>"; };
		74B277399C667683D95B772F /* SpiralMatrixSolution.swift */ = {isa = PBXFileReference; fileEncoding = 4; lastKnownFileType = sourcecode.swift; path = SpiralMatrixSolution.swift; sourceTree = "<group>"; };
		74B277455589C6207B9F9B59 /* SearchInRotatedSortedArraySolution.swift */ = {isa = PBXFileReference; fileEncoding = 4; lastKnownFileType = sourcecode.swift; path = SearchInRotatedSortedArraySolution.swift; sourceTree = "<group>"; };
		74B27747226EF90CF0C36EB2 /* ReverseStringSolution.swift */ = {isa = PBXFileReference; fileEncoding = 4; lastKnownFileType = sourcecode.swift; path = ReverseStringSolution.swift; sourceTree = "<group>"; };
		74B2776D09154779F8E83F94 /* CopyListWithRandomPointerSolutionSpec.swift */ = {isa = PBXFileReference; fileEncoding = 4; lastKnownFileType = sourcecode.swift; path = CopyListWithRandomPointerSolutionSpec.swift; sourceTree = "<group>"; };
		74B2777A4D988C3CF72329E9 /* WordLadderSolutionSpec.swift */ = {isa = PBXFileReference; fileEncoding = 4; lastKnownFileType = sourcecode.swift; path = WordLadderSolutionSpec.swift; sourceTree = "<group>"; };
		74B277A8D121F160BAEEC562 /* RegularExpressionMatchingSolution.swift */ = {isa = PBXFileReference; fileEncoding = 4; lastKnownFileType = sourcecode.swift; path = RegularExpressionMatchingSolution.swift; sourceTree = "<group>"; };
		74B277C5A4CEE5BDB2A01F9A /* MeetingRoomsIISolution.swift */ = {isa = PBXFileReference; fileEncoding = 4; lastKnownFileType = sourcecode.swift; path = MeetingRoomsIISolution.swift; sourceTree = "<group>"; };
		74B2783A303FB50AFE5DFB59 /* LongestSubstringWithoutRepeatingCharactersSolutionSpec.swift */ = {isa = PBXFileReference; fileEncoding = 4; lastKnownFileType = sourcecode.swift; path = LongestSubstringWithoutRepeatingCharactersSolutionSpec.swift; sourceTree = "<group>"; };
		74B278983BE74CD46A316DF7 /* ZigZagConversionSolutionSpec.swift */ = {isa = PBXFileReference; fileEncoding = 4; lastKnownFileType = sourcecode.swift; path = ZigZagConversionSolutionSpec.swift; sourceTree = "<group>"; };
		74B278AE2A3B4209A0F5717F /* AddTwoNumbersSolution.swift */ = {isa = PBXFileReference; fileEncoding = 4; lastKnownFileType = sourcecode.swift; path = AddTwoNumbersSolution.swift; sourceTree = "<group>"; };
		74B278F89F2329F173D6A764 /* RomanToIntegerSolution.swift */ = {isa = PBXFileReference; fileEncoding = 4; lastKnownFileType = sourcecode.swift; path = RomanToIntegerSolution.swift; sourceTree = "<group>"; };
		74B27918B4B2615B774F8EF1 /* JewelsAndStonesSolution.swift */ = {isa = PBXFileReference; fileEncoding = 4; lastKnownFileType = sourcecode.swift; path = JewelsAndStonesSolution.swift; sourceTree = "<group>"; };
		74B2791F9561B42118647133 /* PalindromeNumberSolutionSpec.swift */ = {isa = PBXFileReference; fileEncoding = 4; lastKnownFileType = sourcecode.swift; path = PalindromeNumberSolutionSpec.swift; sourceTree = "<group>"; };
		74B27923BCC318BB16E51217 /* LRUCacheSolutionSpec.swift */ = {isa = PBXFileReference; fileEncoding = 4; lastKnownFileType = sourcecode.swift; path = LRUCacheSolutionSpec.swift; sourceTree = "<group>"; };
		74B2793B031C5DCADA5DC4B9 /* PowXnSolutionSpec.swift */ = {isa = PBXFileReference; fileEncoding = 4; lastKnownFileType = sourcecode.swift; path = PowXnSolutionSpec.swift; sourceTree = "<group>"; };
		74B27941DABBB8836A991738 /* ReverseIntegerSolutionSpec.swift */ = {isa = PBXFileReference; fileEncoding = 4; lastKnownFileType = sourcecode.swift; path = ReverseIntegerSolutionSpec.swift; sourceTree = "<group>"; };
		74B27971DED5780419E1A133 /* GameOfLifeSolution.swift */ = {isa = PBXFileReference; fileEncoding = 4; lastKnownFileType = sourcecode.swift; path = GameOfLifeSolution.swift; sourceTree = "<group>"; };
		74B2797B79FC272313E1F5F8 /* ReverseStringSolutionSpec.swift */ = {isa = PBXFileReference; fileEncoding = 4; lastKnownFileType = sourcecode.swift; path = ReverseStringSolutionSpec.swift; sourceTree = "<group>"; };
		74B2799AEA328569240AB73C /* MedianOfTwoSortedArraysSolution.swift */ = {isa = PBXFileReference; fileEncoding = 4; lastKnownFileType = sourcecode.swift; path = MedianOfTwoSortedArraysSolution.swift; sourceTree = "<group>"; };
		74B279A704F5DBE30BB6869F /* NextPermutationSolutionSpec.swift */ = {isa = PBXFileReference; fileEncoding = 4; lastKnownFileType = sourcecode.swift; path = NextPermutationSolutionSpec.swift; sourceTree = "<group>"; };
		74B279C2ED0D9EEF5E234AED /* GroupAnagramsSolution.swift */ = {isa = PBXFileReference; fileEncoding = 4; lastKnownFileType = sourcecode.swift; path = GroupAnagramsSolution.swift; sourceTree = "<group>"; };
		74B27AC0A6B5D0B76DC6D5D4 /* MergeSortedArraySolutionSpec.swift */ = {isa = PBXFileReference; fileEncoding = 4; lastKnownFileType = sourcecode.swift; path = MergeSortedArraySolutionSpec.swift; sourceTree = "<group>"; };
		74B27AD50562E854C01BBA71 /* GameOfLifeSolutionSpec.swift */ = {isa = PBXFileReference; fileEncoding = 4; lastKnownFileType = sourcecode.swift; path = GameOfLifeSolutionSpec.swift; sourceTree = "<group>"; };
		74B27AF78D42B12A0F1E5FF2 /* CopyListWithRandomPointerSolution.swift */ = {isa = PBXFileReference; fileEncoding = 4; lastKnownFileType = sourcecode.swift; path = CopyListWithRandomPointerSolution.swift; sourceTree = "<group>"; };
		74B27AFAB3CFC15F6DFD39CE /* ReverseLinkedListSolutionSpec.swift */ = {isa = PBXFileReference; fileEncoding = 4; lastKnownFileType = sourcecode.swift; path = ReverseLinkedListSolutionSpec.swift; sourceTree = "<group>"; };
		74B27B1DCEEE359E230E22F8 /* LRUCacheSolution.swift */ = {isa = PBXFileReference; fileEncoding = 4; lastKnownFileType = sourcecode.swift; path = LRUCacheSolution.swift; sourceTree = "<group>"; };
		74B27B40552E593BF07D79AE /* SerializeAndDeserializeBinaryTreeSolution.swift */ = {isa = PBXFileReference; fileEncoding = 4; lastKnownFileType = sourcecode.swift; path = SerializeAndDeserializeBinaryTreeSolution.swift; sourceTree = "<group>"; };
		74B27B9ED021A50B8787194E /* MeetingRoomsIISolutionSpec.swift */ = {isa = PBXFileReference; fileEncoding = 4; lastKnownFileType = sourcecode.swift; path = MeetingRoomsIISolutionSpec.swift; sourceTree = "<group>"; };
		74B27BB3F5D8B51A97E1E27A /* BestTimeToBuyAndSellStockSolutionSpec.swift */ = {isa = PBXFileReference; fileEncoding = 4; lastKnownFileType = sourcecode.swift; path = BestTimeToBuyAndSellStockSolutionSpec.swift; sourceTree = "<group>"; };
		74B27BBF7E4F5BB3B3ADEABC /* MostCommonWordSolution.swift */ = {isa = PBXFileReference; fileEncoding = 4; lastKnownFileType = sourcecode.swift; path = MostCommonWordSolution.swift; sourceTree = "<group>"; };
		74B27BEC1613795D33C6C849 /* ThreeSumSolution.swift */ = {isa = PBXFileReference; fileEncoding = 4; lastKnownFileType = sourcecode.swift; path = ThreeSumSolution.swift; sourceTree = "<group>"; };
		74B27C625281516587D9B156 /* LongestSubstringWithoutRepeatingCharactersSolution.swift */ = {isa = PBXFileReference; fileEncoding = 4; lastKnownFileType = sourcecode.swift; path = LongestSubstringWithoutRepeatingCharactersSolution.swift; sourceTree = "<group>"; };
		74B27CC63DA628517E2697BB /* GenerateParenthesesSolutionSpec.swift */ = {isa = PBXFileReference; fileEncoding = 4; lastKnownFileType = sourcecode.swift; path = GenerateParenthesesSolutionSpec.swift; sourceTree = "<group>"; };
		74B27CCEF18E0F44BE23671E /* BestTimeToBuyAndSellStockSolution.swift */ = {isa = PBXFileReference; fileEncoding = 4; lastKnownFileType = sourcecode.swift; path = BestTimeToBuyAndSellStockSolution.swift; sourceTree = "<group>"; };
		74B27CEA8E288F1012A63C3F /* MaximumSubarraySolutionSpec.swift */ = {isa = PBXFileReference; fileEncoding = 4; lastKnownFileType = sourcecode.swift; path = MaximumSubarraySolutionSpec.swift; sourceTree = "<group>"; };
		74B27D11C0003EF4D96630A8 /* MedianOfTwoSortedArraysSolutionSpec.swift */ = {isa = PBXFileReference; fileEncoding = 4; lastKnownFileType = sourcecode.swift; path = MedianOfTwoSortedArraysSolutionSpec.swift; sourceTree = "<group>"; };
		74B27D38EBC63A6EB053585C /* SetMatrixZeroesSolution.swift */ = {isa = PBXFileReference; fileEncoding = 4; lastKnownFileType = sourcecode.swift; path = SetMatrixZeroesSolution.swift; sourceTree = "<group>"; };
		74B27D3FE77E1D4DDBBC58F5 /* MergeTwoSortedListsSolutionSpec.swift */ = {isa = PBXFileReference; fileEncoding = 4; lastKnownFileType = sourcecode.swift; path = MergeTwoSortedListsSolutionSpec.swift; sourceTree = "<group>"; };
		74B27D54D0E95053FD6EFF1D /* TrappingRainWaterSolutionSpec.swift */ = {isa = PBXFileReference; fileEncoding = 4; lastKnownFileType = sourcecode.swift; path = TrappingRainWaterSolutionSpec.swift; sourceTree = "<group>"; };
		74B27D803CE28809F0250A01 /* NumberOfIslandsSolution.swift */ = {isa = PBXFileReference; fileEncoding = 4; lastKnownFileType = sourcecode.swift; path = NumberOfIslandsSolution.swift; sourceTree = "<group>"; };
		74B27D8073DE3FE4DCD3132A /* MergeIntervalsSolution.swift */ = {isa = PBXFileReference; fileEncoding = 4; lastKnownFileType = sourcecode.swift; path = MergeIntervalsSolution.swift; sourceTree = "<group>"; };
		74B27DB2CD8B231A8839D5D2 /* WordBreakSolutionSpec.swift */ = {isa = PBXFileReference; fileEncoding = 4; lastKnownFileType = sourcecode.swift; path = WordBreakSolutionSpec.swift; sourceTree = "<group>"; };
		74B27DB45355D101344D125F /* MergeSortedArraySolution.swift */ = {isa = PBXFileReference; fileEncoding = 4; lastKnownFileType = sourcecode.swift; path = MergeSortedArraySolution.swift; sourceTree = "<group>"; };
		74B27DBBFFC7A55103049591 /* PriorityQueue.swift */ = {isa = PBXFileReference; fileEncoding = 4; lastKnownFileType = sourcecode.swift; path = PriorityQueue.swift; sourceTree = "<group>"; };
		74B27DCFBA055636E7878DCA /* JewelsAndStonesSolutionSpec.swift */ = {isa = PBXFileReference; fileEncoding = 4; lastKnownFileType = sourcecode.swift; path = JewelsAndStonesSolutionSpec.swift; sourceTree = "<group>"; };
		74B27E3DB91B24EBA4923572 /* RemoveInvalidParenthesesSolutionSpec.swift */ = {isa = PBXFileReference; fileEncoding = 4; lastKnownFileType = sourcecode.swift; path = RemoveInvalidParenthesesSolutionSpec.swift; sourceTree = "<group>"; };
		74B27E3E030C8E9A9A306CD0 /* AddBinarySolutionSpec.swift */ = {isa = PBXFileReference; fileEncoding = 4; lastKnownFileType = sourcecode.swift; path = AddBinarySolutionSpec.swift; sourceTree = "<group>"; };
		74B27E49260C1B479F55CCF9 /* NextClosestTimeSolution.swift */ = {isa = PBXFileReference; fileEncoding = 4; lastKnownFileType = sourcecode.swift; path = NextClosestTimeSolution.swift; sourceTree = "<group>"; };
		74B27E569BD7F7DE7F8C7788 /* FruitIntoBasketsSolution.swift */ = {isa = PBXFileReference; fileEncoding = 4; lastKnownFileType = sourcecode.swift; path = FruitIntoBasketsSolution.swift; sourceTree = "<group>"; };
		74B27E73B01E2D7AF874B0CB /* SerializeAndDeserializeBinaryTreeSolutionSpec.swift */ = {isa = PBXFileReference; fileEncoding = 4; lastKnownFileType = sourcecode.swift; path = SerializeAndDeserializeBinaryTreeSolutionSpec.swift; sourceTree = "<group>"; };
		74B27E82978687A4502790A2 /* LinkedListCycleSolutionSpec.swift */ = {isa = PBXFileReference; fileEncoding = 4; lastKnownFileType = sourcecode.swift; path = LinkedListCycleSolutionSpec.swift; sourceTree = "<group>"; };
		74B27E8A287A78060C4B517D /* LinkedListCycleSolution.swift */ = {isa = PBXFileReference; fileEncoding = 4; lastKnownFileType = sourcecode.swift; path = LinkedListCycleSolution.swift; sourceTree = "<group>"; };
		74B27ECF1265C9BCB5A176E7 /* ValidParenthesesSolution.swift */ = {isa = PBXFileReference; fileEncoding = 4; lastKnownFileType = sourcecode.swift; path = ValidParenthesesSolution.swift; sourceTree = "<group>"; };
		74B27EF08F926EF60B3E6DEF /* ProductOfArrayExceptSelfSolution.swift */ = {isa = PBXFileReference; fileEncoding = 4; lastKnownFileType = sourcecode.swift; path = ProductOfArrayExceptSelfSolution.swift; sourceTree = "<group>"; };
		74B27F37DB41C18471437040 /* SetMatrixZeroesSolutionSpec.swift */ = {isa = PBXFileReference; fileEncoding = 4; lastKnownFileType = sourcecode.swift; path = SetMatrixZeroesSolutionSpec.swift; sourceTree = "<group>"; };
		74B27F40A65328F7799942F8 /* NumberOfIslandsSolutionSpec.swift */ = {isa = PBXFileReference; fileEncoding = 4; lastKnownFileType = sourcecode.swift; path = NumberOfIslandsSolutionSpec.swift; sourceTree = "<group>"; };
		74B27F6CCD7324716C0F7D19 /* NextClosestTimeSolutionSpec.swift */ = {isa = PBXFileReference; fileEncoding = 4; lastKnownFileType = sourcecode.swift; path = NextClosestTimeSolutionSpec.swift; sourceTree = "<group>"; };
		74B27F7FB022FE78799480A7 /* MinStackSpec.swift */ = {isa = PBXFileReference; fileEncoding = 4; lastKnownFileType = sourcecode.swift; path = MinStackSpec.swift; sourceTree = "<group>"; };
		74B27F8858509353A5236A93 /* TrappingRainWaterSolution.swift */ = {isa = PBXFileReference; fileEncoding = 4; lastKnownFileType = sourcecode.swift; path = TrappingRainWaterSolution.swift; sourceTree = "<group>"; };
		74B27F9581B0C6377CFB263F /* AddBinarySolution.swift */ = {isa = PBXFileReference; fileEncoding = 4; lastKnownFileType = sourcecode.swift; path = AddBinarySolution.swift; sourceTree = "<group>"; };
		74B27FA98CEFA20BCD62843C /* IntegerToEnglishWordsSolution.swift */ = {isa = PBXFileReference; fileEncoding = 4; lastKnownFileType = sourcecode.swift; path = IntegerToEnglishWordsSolution.swift; sourceTree = "<group>"; };
		74B27FD1A73BF6FE109BD952 /* ContainerWithMostWaterSolution.swift */ = {isa = PBXFileReference; fileEncoding = 4; lastKnownFileType = sourcecode.swift; path = ContainerWithMostWaterSolution.swift; sourceTree = "<group>"; };
		AE87D98EF40E80C96299D982 /* Pods-LeetCodeSwiftTests.release.xcconfig */ = {isa = PBXFileReference; includeInIndex = 1; lastKnownFileType = text.xcconfig; name = "Pods-LeetCodeSwiftTests.release.xcconfig"; path = "Pods/Target Support Files/Pods-LeetCodeSwiftTests/Pods-LeetCodeSwiftTests.release.xcconfig"; sourceTree = "<group>"; };
		D7FCF0C7AE10142E68BFA508 /* Pods-LeetCodeSwift.release.xcconfig */ = {isa = PBXFileReference; includeInIndex = 1; lastKnownFileType = text.xcconfig; name = "Pods-LeetCodeSwift.release.xcconfig"; path = "Pods/Target Support Files/Pods-LeetCodeSwift/Pods-LeetCodeSwift.release.xcconfig"; sourceTree = "<group>"; };
		EFD9FC3E20599AC800299F54 /* LeetCodeSwift.framework */ = {isa = PBXFileReference; explicitFileType = wrapper.framework; includeInIndex = 0; path = LeetCodeSwift.framework; sourceTree = BUILT_PRODUCTS_DIR; };
		EFD9FC4120599AC800299F54 /* LeetCodeSwift.h */ = {isa = PBXFileReference; lastKnownFileType = sourcecode.c.h; path = LeetCodeSwift.h; sourceTree = "<group>"; };
		EFD9FC4220599AC800299F54 /* Info.plist */ = {isa = PBXFileReference; lastKnownFileType = text.plist.xml; path = Info.plist; sourceTree = "<group>"; };
		EFD9FC4720599AC800299F54 /* LeetCodeSwiftTests.xctest */ = {isa = PBXFileReference; explicitFileType = wrapper.cfbundle; includeInIndex = 0; path = LeetCodeSwiftTests.xctest; sourceTree = BUILT_PRODUCTS_DIR; };
		EFD9FC4E20599AC800299F54 /* Info.plist */ = {isa = PBXFileReference; lastKnownFileType = text.plist.xml; path = Info.plist; sourceTree = "<group>"; };
		EFD9FC5A20599FF000299F54 /* TwoSumSolution.swift */ = {isa = PBXFileReference; lastKnownFileType = sourcecode.swift; path = TwoSumSolution.swift; sourceTree = "<group>"; };
		EFD9FC602059A61700299F54 /* TwoSumSolutionSpec.swift */ = {isa = PBXFileReference; lastKnownFileType = sourcecode.swift; path = TwoSumSolutionSpec.swift; sourceTree = "<group>"; };
/* End PBXFileReference section */

/* Begin PBXFrameworksBuildPhase section */
		EFD9FC3A20599AC800299F54 /* Frameworks */ = {
			isa = PBXFrameworksBuildPhase;
			buildActionMask = 2147483647;
			files = (
				5786C529DA92523A68516938 /* Pods_LeetCodeSwift.framework in Frameworks */,
			);
			runOnlyForDeploymentPostprocessing = 0;
		};
		EFD9FC4420599AC800299F54 /* Frameworks */ = {
			isa = PBXFrameworksBuildPhase;
			buildActionMask = 2147483647;
			files = (
				EFD9FC4820599AC800299F54 /* LeetCodeSwift.framework in Frameworks */,
				B3997D39D6810CF65C695088 /* Pods_LeetCodeSwiftTests.framework in Frameworks */,
			);
			runOnlyForDeploymentPostprocessing = 0;
		};
/* End PBXFrameworksBuildPhase section */

/* Begin PBXGroup section */
		74B270EA891E898E3FB67A6B /* Hard */ = {
			isa = PBXGroup;
			children = (
				74B27D11C0003EF4D96630A8 /* MedianOfTwoSortedArraysSolutionSpec.swift */,
				74B272EB22D8ABCFCAA9C1C8 /* RegularExpressionMatchingSolutionSpec.swift */,
				74B27923BCC318BB16E51217 /* LRUCacheSolutionSpec.swift */,
				74B2751C6204DC35E2D4F274 /* IntegerToEnglishWordsSolutionSpec.swift */,
				74B2715845D7B659DA3DB03F /* MergeKSortedListsSolutionSpec.swift */,
				74B27D54D0E95053FD6EFF1D /* TrappingRainWaterSolutionSpec.swift */,
				74B27E73B01E2D7AF874B0CB /* SerializeAndDeserializeBinaryTreeSolutionSpec.swift */,
				74B272EE1BF48C265C497E3C /* KEmptySlotsSolutionSpec.swift */,
				74B27E3DB91B24EBA4923572 /* RemoveInvalidParenthesesSolutionSpec.swift */,
				74B2726CA90DC94B018E1CB7 /* LongestConsecutiveSequenceSolutionSpec.swift */,
				74B27573C29C4EA25C9D7FC3 /* MinimumWindowSubstringSolutionSpec.swift */,
				74B276F49E9E3F5AA9AFE134 /* BasicCalculatorSolutionSpec.swift */,
			);
			path = Hard;
			sourceTree = "<group>";
		};
		74B271AA4179576AE8D2DC7A /* Common */ = {
			isa = PBXGroup;
			children = (
				74B27242C147968D420CAF24 /* ListNode.swift */,
				74B27DBBFFC7A55103049591 /* PriorityQueue.swift */,
				74B276ECA9DD59CB3463822D /* RandomListNode.swift */,
				74B271A60F5DE188B06FE1B4 /* TreeNode.swift */,
				74B272D691AC63C89FF76E4B /* Interval.swift */,
			);
			path = Common;
			sourceTree = "<group>";
		};
		74B271B51EA0347D9E8790B3 /* Medium */ = {
			isa = PBXGroup;
			children = (
				74B278AE2A3B4209A0F5717F /* AddTwoNumbersSolution.swift */,
				74B27C625281516587D9B156 /* LongestSubstringWithoutRepeatingCharactersSolution.swift */,
				74B27487850208A0F7FF5907 /* LongestPalindromeSolution.swift */,
				74B2765F2A1584E19FE60CBF /* ZigZagConversionSolution.swift */,
				74B27BEC1613795D33C6C849 /* ThreeSumSolution.swift */,
				74B270BEB5D1CE8D8C1CADD1 /* StringToIntegerSolution.swift */,
				74B2713EA79F1CA147D7F072 /* WordBreakSolution.swift */,
				74B27D803CE28809F0250A01 /* NumberOfIslandsSolution.swift */,
				74B27D8073DE3FE4DCD3132A /* MergeIntervalsSolution.swift */,
				74B27AF78D42B12A0F1E5FF2 /* CopyListWithRandomPointerSolution.swift */,
				74B27710ED82108B458A5933 /* LetterCombinationsOfAPhoneNumberSolution.swift */,
				74B27E49260C1B479F55CCF9 /* NextClosestTimeSolution.swift */,
				74B27EF08F926EF60B3E6DEF /* ProductOfArrayExceptSelfSolution.swift */,
				74B279C2ED0D9EEF5E234AED /* GroupAnagramsSolution.swift */,
				74B27FD1A73BF6FE109BD952 /* ContainerWithMostWaterSolution.swift */,
				74B277455589C6207B9F9B59 /* SearchInRotatedSortedArraySolution.swift */,
				74B274658C09CB1F93826982 /* NextPermutationSolution.swift */,
				74B271EA256B083710AF940C /* WordLadderSolution.swift */,
				74B2716AE511B64775F033F6 /* PowXnSolution.swift */,
				74B277C5A4CEE5BDB2A01F9A /* MeetingRoomsIISolution.swift */,
				74B274B216EB123868F28179 /* GenerateParenthesesSolution.swift */,
				74B277399C667683D95B772F /* SpiralMatrixSolution.swift */,
				74B27971DED5780419E1A133 /* GameOfLifeSolution.swift */,
				74B275027996DF5E5906CDAA /* BSTIterator.swift */,
				74B27D38EBC63A6EB053585C /* SetMatrixZeroesSolution.swift */,
				74B27E569BD7F7DE7F8C7788 /* FruitIntoBasketsSolution.swift */,
			);
			path = Medium;
			sourceTree = "<group>";
		};
		74B278144F4D9C69B6EA4421 /* Medium */ = {
			isa = PBXGroup;
			children = (
				74B272871D906537D56438F9 /* AddTwoNumbersSolutionSpec.swift */,
				74B2783A303FB50AFE5DFB59 /* LongestSubstringWithoutRepeatingCharactersSolutionSpec.swift */,
				74B275C026A5645FF151FD28 /* LongestPalindromeSolutionSpec.swift */,
				74B278983BE74CD46A316DF7 /* ZigZagConversionSolutionSpec.swift */,
				74B2732FE36173899D2FCC19 /* ThreeSumSolutionSpec.swift */,
				74B27168E8ACD698F45F900A /* StringToIntegerSolutionSpec.swift */,
				74B27DB2CD8B231A8839D5D2 /* WordBreakSolutionSpec.swift */,
				74B27F40A65328F7799942F8 /* NumberOfIslandsSolutionSpec.swift */,
				74B271DAAFF2B4680C779C07 /* MergeIntervalsSolutionSpec.swift */,
				74B2776D09154779F8E83F94 /* CopyListWithRandomPointerSolutionSpec.swift */,
				74B2719841E1E3875F01C184 /* LetterCombinationsOfAPhoneNumberSolutionSpec.swift */,
				74B27F6CCD7324716C0F7D19 /* NextClosestTimeSolutionSpec.swift */,
				74B27423ADC4657107902A37 /* ProductOfArrayExceptSelfSolutionSpec.swift */,
				74B273DBA699AFFD51D8974D /* GroupAnagramsSolutionSpec.swift */,
				74B2711CE7F4874553BFB357 /* ContainerWithMostWaterSolutionSpec.swift */,
				74B274924E52BEDAD3958379 /* SearchInRotatedSortedArraySolutionSpec.swift */,
				74B279A704F5DBE30BB6869F /* NextPermutationSolutionSpec.swift */,
				74B2777A4D988C3CF72329E9 /* WordLadderSolutionSpec.swift */,
				74B2793B031C5DCADA5DC4B9 /* PowXnSolutionSpec.swift */,
				74B27B9ED021A50B8787194E /* MeetingRoomsIISolutionSpec.swift */,
				74B27CC63DA628517E2697BB /* GenerateParenthesesSolutionSpec.swift */,
				74B2701A54180E69594B4A42 /* SpiralMatrixSolutionSpec.swift */,
				74B27AD50562E854C01BBA71 /* GameOfLifeSolutionSpec.swift */,
				74B273A5DF7D6A70E49A47C1 /* BSTIteratorSpec.swift */,
				74B27F37DB41C18471437040 /* SetMatrixZeroesSolutionSpec.swift */,
				74B274BA7BC5C71AE9D52743 /* FruitIntoBasketsSolutionSpec.swift */,
			);
			path = Medium;
			sourceTree = "<group>";
		};
		74B27C65B12AD59A2B69069C /* Hard */ = {
			isa = PBXGroup;
			children = (
				74B2799AEA328569240AB73C /* MedianOfTwoSortedArraysSolution.swift */,
				74B277A8D121F160BAEEC562 /* RegularExpressionMatchingSolution.swift */,
				74B27B1DCEEE359E230E22F8 /* LRUCacheSolution.swift */,
				74B27FA98CEFA20BCD62843C /* IntegerToEnglishWordsSolution.swift */,
				74B2720740A173C8E579EB04 /* MergeKSortedListsSolution.swift */,
				74B27F8858509353A5236A93 /* TrappingRainWaterSolution.swift */,
				74B27B40552E593BF07D79AE /* SerializeAndDeserializeBinaryTreeSolution.swift */,
				74B27712F2EE4B7C17A82DC8 /* KEmptySlotsSolution.swift */,
				74B270E9D17CF66D55054B7D /* RemoveInvalidParenthesesSolution.swift */,
				74B27512D6CF2B08138850B8 /* LongestConsecutiveSequenceSolution.swift */,
				74B27163F2149948664DFCED /* MinimumWindowSubstringSolution.swift */,
				74B275056B456647F9A6FCBE /* BasicCalculatorSolution.swift */,
			);
			path = Hard;
			sourceTree = "<group>";
		};
		BBAD6634E233E5DA9F9A1E44 /* Frameworks */ = {
			isa = PBXGroup;
			children = (
				38A06DE28BDCF57961172ED1 /* Pods_LeetCodeSwift.framework */,
				35EA7DA9646D7A191931CDA5 /* Pods_LeetCodeSwiftTests.framework */,
			);
			name = Frameworks;
			sourceTree = "<group>";
		};
		E8A11D442781F3C1A7589A38 /* Pods */ = {
			isa = PBXGroup;
			children = (
				249FCEA77EA2D77F31BFD9A8 /* Pods-LeetCodeSwift.debug.xcconfig */,
				D7FCF0C7AE10142E68BFA508 /* Pods-LeetCodeSwift.release.xcconfig */,
				606F052316F4ECA9F4732741 /* Pods-LeetCodeSwiftTests.debug.xcconfig */,
				AE87D98EF40E80C96299D982 /* Pods-LeetCodeSwiftTests.release.xcconfig */,
			);
			name = Pods;
			sourceTree = "<group>";
		};
		EFD9FC3420599AC800299F54 = {
			isa = PBXGroup;
			children = (
				EFD9FC4020599AC800299F54 /* LeetCodeSwift */,
				EFD9FC4B20599AC800299F54 /* LeetCodeSwiftTests */,
				EFD9FC3F20599AC800299F54 /* Products */,
				E8A11D442781F3C1A7589A38 /* Pods */,
				BBAD6634E233E5DA9F9A1E44 /* Frameworks */,
			);
			sourceTree = "<group>";
		};
		EFD9FC3F20599AC800299F54 /* Products */ = {
			isa = PBXGroup;
			children = (
				EFD9FC3E20599AC800299F54 /* LeetCodeSwift.framework */,
				EFD9FC4720599AC800299F54 /* LeetCodeSwiftTests.xctest */,
			);
			name = Products;
			sourceTree = "<group>";
		};
		EFD9FC4020599AC800299F54 /* LeetCodeSwift */ = {
			isa = PBXGroup;
			children = (
				EFD9FC5820599DE300299F54 /* Algorithm */,
				EFD9FC4120599AC800299F54 /* LeetCodeSwift.h */,
				EFD9FC4220599AC800299F54 /* Info.plist */,
			);
			path = LeetCodeSwift;
			sourceTree = "<group>";
		};
		EFD9FC4B20599AC800299F54 /* LeetCodeSwiftTests */ = {
			isa = PBXGroup;
			children = (
				EFD9FC5C2059A02D00299F54 /* Algorithm */,
				EFD9FC4E20599AC800299F54 /* Info.plist */,
			);
			path = LeetCodeSwiftTests;
			sourceTree = "<group>";
		};
		EFD9FC5820599DE300299F54 /* Algorithm */ = {
			isa = PBXGroup;
			children = (
				EFD9FC5920599E1300299F54 /* Easy */,
				74B271B51EA0347D9E8790B3 /* Medium */,
				74B27C65B12AD59A2B69069C /* Hard */,
				74B271AA4179576AE8D2DC7A /* Common */,
			);
			path = Algorithm;
			sourceTree = "<group>";
		};
		EFD9FC5920599E1300299F54 /* Easy */ = {
			isa = PBXGroup;
			children = (
				EFD9FC5A20599FF000299F54 /* TwoSumSolution.swift */,
				74B273EE3373A36AD0A8880B /* ReverseIntegerSolution.swift */,
				74B278F89F2329F173D6A764 /* RomanToIntegerSolution.swift */,
				74B27ECF1265C9BCB5A176E7 /* ValidParenthesesSolution.swift */,
				74B27097FA0962D0B886EEA6 /* MaximumSubarraySolution.swift */,
				74B27CCEF18E0F44BE23671E /* BestTimeToBuyAndSellStockSolution.swift */,
				74B27501B49666DF6FBCA5B6 /* MergeTwoSortedListsSolution.swift */,
				74B273B463A7CBDC39B936EC /* ReverseLinkedListSolution.swift */,
				74B27E8A287A78060C4B517D /* LinkedListCycleSolution.swift */,
				74B27918B4B2615B774F8EF1 /* JewelsAndStonesSolution.swift */,
				74B27DB45355D101344D125F /* MergeSortedArraySolution.swift */,
				74B271085602459A997B6383 /* PalindromeNumberSolution.swift */,
				74B27BBF7E4F5BB3B3ADEABC /* MostCommonWordSolution.swift */,
				74B275248CE62C491617380C /* LicenseKeyFormattingSolution.swift */,
				74B27747226EF90CF0C36EB2 /* ReverseStringSolution.swift */,
				74B27F9581B0C6377CFB263F /* AddBinarySolution.swift */,
				74B270BDD51BC44FDDBB4F94 /* MoveZeroesSolution.swift */,
				74B2720D6A8071781C0DC321 /* MinStack.swift */,
			);
			path = Easy;
			sourceTree = "<group>";
		};
		EFD9FC5C2059A02D00299F54 /* Algorithm */ = {
			isa = PBXGroup;
			children = (
				EFD9FC5D2059A03600299F54 /* Easy */,
				74B278144F4D9C69B6EA4421 /* Medium */,
				74B270EA891E898E3FB67A6B /* Hard */,
			);
			path = Algorithm;
			sourceTree = "<group>";
		};
		EFD9FC5D2059A03600299F54 /* Easy */ = {
			isa = PBXGroup;
			children = (
				EFD9FC602059A61700299F54 /* TwoSumSolutionSpec.swift */,
				74B27941DABBB8836A991738 /* ReverseIntegerSolutionSpec.swift */,
				74B270A974824C36D9130E72 /* RomanToIntegerSolutionSpec.swift */,
				74B2731F7CECF7527248F347 /* ValidParenthesesSolutionSpec.swift */,
				74B27CEA8E288F1012A63C3F /* MaximumSubarraySolutionSpec.swift */,
				74B27BB3F5D8B51A97E1E27A /* BestTimeToBuyAndSellStockSolutionSpec.swift */,
				74B27D3FE77E1D4DDBBC58F5 /* MergeTwoSortedListsSolutionSpec.swift */,
				74B27AFAB3CFC15F6DFD39CE /* ReverseLinkedListSolutionSpec.swift */,
				74B27E82978687A4502790A2 /* LinkedListCycleSolutionSpec.swift */,
				74B27DCFBA055636E7878DCA /* JewelsAndStonesSolutionSpec.swift */,
				74B27AC0A6B5D0B76DC6D5D4 /* MergeSortedArraySolutionSpec.swift */,
				74B2791F9561B42118647133 /* PalindromeNumberSolutionSpec.swift */,
				74B2754BA97EF30803824F81 /* MostCommonWordSolutionSpec.swift */,
				74B2748888F63F3661DB93B0 /* LicenseKeyFormattingSolutionSpec.swift */,
				74B2797B79FC272313E1F5F8 /* ReverseStringSolutionSpec.swift */,
				74B27E3E030C8E9A9A306CD0 /* AddBinarySolutionSpec.swift */,
				74B271BF5234EB342CD70DA2 /* MoveZeroesSolutionSpec.swift */,
				74B27F7FB022FE78799480A7 /* MinStackSpec.swift */,
			);
			path = Easy;
			sourceTree = "<group>";
		};
/* End PBXGroup section */

/* Begin PBXHeadersBuildPhase section */
		EFD9FC3B20599AC800299F54 /* Headers */ = {
			isa = PBXHeadersBuildPhase;
			buildActionMask = 2147483647;
			files = (
				EFD9FC4F20599AC800299F54 /* LeetCodeSwift.h in Headers */,
			);
			runOnlyForDeploymentPostprocessing = 0;
		};
/* End PBXHeadersBuildPhase section */

/* Begin PBXNativeTarget section */
		EFD9FC3D20599AC800299F54 /* LeetCodeSwift */ = {
			isa = PBXNativeTarget;
			buildConfigurationList = EFD9FC5220599AC800299F54 /* Build configuration list for PBXNativeTarget "LeetCodeSwift" */;
			buildPhases = (
				D445B88753052D584A1ED38B /* [CP] Check Pods Manifest.lock */,
				EFD9FC3920599AC800299F54 /* Sources */,
				EFD9FC3A20599AC800299F54 /* Frameworks */,
				EFD9FC3B20599AC800299F54 /* Headers */,
				EFD9FC3C20599AC800299F54 /* Resources */,
				EFD9FC622059BCB700299F54 /* ShellScript */,
			);
			buildRules = (
			);
			dependencies = (
			);
			name = LeetCodeSwift;
			productName = LeetCodeSwift;
			productReference = EFD9FC3E20599AC800299F54 /* LeetCodeSwift.framework */;
			productType = "com.apple.product-type.framework";
		};
		EFD9FC4620599AC800299F54 /* LeetCodeSwiftTests */ = {
			isa = PBXNativeTarget;
			buildConfigurationList = EFD9FC5520599AC800299F54 /* Build configuration list for PBXNativeTarget "LeetCodeSwiftTests" */;
			buildPhases = (
				68064C7FEA3C8E537BC5052A /* [CP] Check Pods Manifest.lock */,
				EFD9FC4320599AC800299F54 /* Sources */,
				EFD9FC4420599AC800299F54 /* Frameworks */,
				EFD9FC4520599AC800299F54 /* Resources */,
				E84ED8AA4E145BA6EE7B8B05 /* [CP] Embed Pods Frameworks */,
				EFD9FC632059BD0900299F54 /* ShellScript */,
			);
			buildRules = (
			);
			dependencies = (
				EFD9FC4A20599AC800299F54 /* PBXTargetDependency */,
			);
			name = LeetCodeSwiftTests;
			productName = LeetCodeSwiftTests;
			productReference = EFD9FC4720599AC800299F54 /* LeetCodeSwiftTests.xctest */;
			productType = "com.apple.product-type.bundle.unit-test";
		};
/* End PBXNativeTarget section */

/* Begin PBXProject section */
		EFD9FC3520599AC800299F54 /* Project object */ = {
			isa = PBXProject;
			attributes = {
				LastSwiftUpdateCheck = 0920;
				LastUpgradeCheck = 0930;
				ORGANIZATIONNAME = LeetCode;
				TargetAttributes = {
					EFD9FC3D20599AC800299F54 = {
						CreatedOnToolsVersion = 9.2;
						LastSwiftMigration = 0920;
						ProvisioningStyle = Automatic;
					};
					EFD9FC4620599AC800299F54 = {
						CreatedOnToolsVersion = 9.2;
						ProvisioningStyle = Automatic;
					};
				};
			};
			buildConfigurationList = EFD9FC3820599AC800299F54 /* Build configuration list for PBXProject "LeetCodeSwift" */;
			compatibilityVersion = "Xcode 8.0";
			developmentRegion = en;
			hasScannedForEncodings = 0;
			knownRegions = (
				en,
			);
			mainGroup = EFD9FC3420599AC800299F54;
			productRefGroup = EFD9FC3F20599AC800299F54 /* Products */;
			projectDirPath = "";
			projectRoot = "";
			targets = (
				EFD9FC3D20599AC800299F54 /* LeetCodeSwift */,
				EFD9FC4620599AC800299F54 /* LeetCodeSwiftTests */,
			);
		};
/* End PBXProject section */

/* Begin PBXResourcesBuildPhase section */
		EFD9FC3C20599AC800299F54 /* Resources */ = {
			isa = PBXResourcesBuildPhase;
			buildActionMask = 2147483647;
			files = (
			);
			runOnlyForDeploymentPostprocessing = 0;
		};
		EFD9FC4520599AC800299F54 /* Resources */ = {
			isa = PBXResourcesBuildPhase;
			buildActionMask = 2147483647;
			files = (
			);
			runOnlyForDeploymentPostprocessing = 0;
		};
/* End PBXResourcesBuildPhase section */

/* Begin PBXShellScriptBuildPhase section */
		68064C7FEA3C8E537BC5052A /* [CP] Check Pods Manifest.lock */ = {
			isa = PBXShellScriptBuildPhase;
			buildActionMask = 2147483647;
			files = (
			);
			inputPaths = (
				"${PODS_PODFILE_DIR_PATH}/Podfile.lock",
				"${PODS_ROOT}/Manifest.lock",
			);
			name = "[CP] Check Pods Manifest.lock";
			outputPaths = (
				"$(DERIVED_FILE_DIR)/Pods-LeetCodeSwiftTests-checkManifestLockResult.txt",
			);
			runOnlyForDeploymentPostprocessing = 0;
			shellPath = /bin/sh;
			shellScript = "diff \"${PODS_PODFILE_DIR_PATH}/Podfile.lock\" \"${PODS_ROOT}/Manifest.lock\" > /dev/null\nif [ $? != 0 ] ; then\n    # print error to STDERR\n    echo \"error: The sandbox is not in sync with the Podfile.lock. Run 'pod install' or update your CocoaPods installation.\" >&2\n    exit 1\nfi\n# This output is used by Xcode 'outputs' to avoid re-running this script phase.\necho \"SUCCESS\" > \"${SCRIPT_OUTPUT_FILE_0}\"\n";
			showEnvVarsInLog = 0;
		};
		D445B88753052D584A1ED38B /* [CP] Check Pods Manifest.lock */ = {
			isa = PBXShellScriptBuildPhase;
			buildActionMask = 2147483647;
			files = (
			);
			inputPaths = (
				"${PODS_PODFILE_DIR_PATH}/Podfile.lock",
				"${PODS_ROOT}/Manifest.lock",
			);
			name = "[CP] Check Pods Manifest.lock";
			outputPaths = (
				"$(DERIVED_FILE_DIR)/Pods-LeetCodeSwift-checkManifestLockResult.txt",
			);
			runOnlyForDeploymentPostprocessing = 0;
			shellPath = /bin/sh;
			shellScript = "diff \"${PODS_PODFILE_DIR_PATH}/Podfile.lock\" \"${PODS_ROOT}/Manifest.lock\" > /dev/null\nif [ $? != 0 ] ; then\n    # print error to STDERR\n    echo \"error: The sandbox is not in sync with the Podfile.lock. Run 'pod install' or update your CocoaPods installation.\" >&2\n    exit 1\nfi\n# This output is used by Xcode 'outputs' to avoid re-running this script phase.\necho \"SUCCESS\" > \"${SCRIPT_OUTPUT_FILE_0}\"\n";
			showEnvVarsInLog = 0;
		};
		E84ED8AA4E145BA6EE7B8B05 /* [CP] Embed Pods Frameworks */ = {
			isa = PBXShellScriptBuildPhase;
			buildActionMask = 2147483647;
			files = (
			);
			inputPaths = (
				"${SRCROOT}/Pods/Target Support Files/Pods-LeetCodeSwiftTests/Pods-LeetCodeSwiftTests-frameworks.sh",
				"${BUILT_PRODUCTS_DIR}/Nimble/Nimble.framework",
				"${BUILT_PRODUCTS_DIR}/Quick/Quick.framework",
			);
			name = "[CP] Embed Pods Frameworks";
			outputPaths = (
				"${TARGET_BUILD_DIR}/${FRAMEWORKS_FOLDER_PATH}/Nimble.framework",
				"${TARGET_BUILD_DIR}/${FRAMEWORKS_FOLDER_PATH}/Quick.framework",
			);
			runOnlyForDeploymentPostprocessing = 0;
			shellPath = /bin/sh;
			shellScript = "\"${SRCROOT}/Pods/Target Support Files/Pods-LeetCodeSwiftTests/Pods-LeetCodeSwiftTests-frameworks.sh\"\n";
			showEnvVarsInLog = 0;
		};
		EFD9FC622059BCB700299F54 /* ShellScript */ = {
			isa = PBXShellScriptBuildPhase;
			buildActionMask = 2147483647;
			files = (
			);
			inputPaths = (
			);
			outputPaths = (
			);
			runOnlyForDeploymentPostprocessing = 0;
			shellPath = /bin/sh;
			shellScript = "if which swiftlint >/dev/null; then\nswiftlint\nelse\necho \"warning: SwiftLint not installed, download from https://github.com/realm/SwiftLint\"\nfi";
		};
		EFD9FC632059BD0900299F54 /* ShellScript */ = {
			isa = PBXShellScriptBuildPhase;
			buildActionMask = 2147483647;
			files = (
			);
			inputPaths = (
			);
			outputPaths = (
			);
			runOnlyForDeploymentPostprocessing = 0;
			shellPath = /bin/sh;
			shellScript = "if which swiftlint >/dev/null; then\nswiftlint\nelse\necho \"warning: SwiftLint not installed, download from https://github.com/realm/SwiftLint\"\nfi";
		};
/* End PBXShellScriptBuildPhase section */

/* Begin PBXSourcesBuildPhase section */
		EFD9FC3920599AC800299F54 /* Sources */ = {
			isa = PBXSourcesBuildPhase;
			buildActionMask = 2147483647;
			files = (
				EFD9FC5B20599FF000299F54 /* TwoSumSolution.swift in Sources */,
				74B27C7D82FA8C634C6BC925 /* AddTwoNumbersSolution.swift in Sources */,
				74B27EBA1C3E71128F8A61E9 /* MedianOfTwoSortedArraysSolution.swift in Sources */,
				74B2730A78F6654D49582C9F /* LongestSubstringWithoutRepeatingCharactersSolution.swift in Sources */,
				74B271EB5EDBD16F49846D8A /* LongestPalindromeSolution.swift in Sources */,
				74B27D1EE3864D3D83A172BC /* ZigZagConversionSolution.swift in Sources */,
				74B27BDD4C3D5CDD484AB1C5 /* ReverseIntegerSolution.swift in Sources */,
				74B271BA3387DA5C17AB66B0 /* RegularExpressionMatchingSolution.swift in Sources */,
				74B27A395CAD988A168E826F /* ThreeSumSolution.swift in Sources */,
				74B275168AEF36E74B514374 /* RomanToIntegerSolution.swift in Sources */,
				74B270E54A757A87446DB63A /* StringToIntegerSolution.swift in Sources */,
				74B27767EA826842518179BD /* WordBreakSolution.swift in Sources */,
				74B27C895973F2D8B9576A92 /* LRUCacheSolution.swift in Sources */,
				74B2761E2D6019DDECBB32DE /* ValidParenthesesSolution.swift in Sources */,
				74B271F70FF1C78D5A349862 /* NumberOfIslandsSolution.swift in Sources */,
				74B27931FDEFD8AF4E544A81 /* MergeIntervalsSolution.swift in Sources */,
				74B27ECFD7C1CD4B6BE9C668 /* IntegerToEnglishWordsSolution.swift in Sources */,
				74B27D6ED32F0A12B0A9A837 /* MergeKSortedListsSolution.swift in Sources */,
				74B27EF661231B20EA5E6866 /* ListNode.swift in Sources */,
				74B271C2A7042436A2297217 /* PriorityQueue.swift in Sources */,
				74B27583B395A75394956893 /* TrappingRainWaterSolution.swift in Sources */,
				74B27AE0CCFDE20EF4B60D86 /* MaximumSubarraySolution.swift in Sources */,
				74B2744096355254B714E0A2 /* RandomListNode.swift in Sources */,
				74B27147490A1BB662368514 /* CopyListWithRandomPointerSolution.swift in Sources */,
				74B27B9707CB0CA5C5D2F7B2 /* LetterCombinationsOfAPhoneNumberSolution.swift in Sources */,
				74B27AAE9F6FB5290C9C6D03 /* NextClosestTimeSolution.swift in Sources */,
				74B27CA1CDD9D4939D91F93B /* BestTimeToBuyAndSellStockSolution.swift in Sources */,
				74B274CAAB647D1033D4AA36 /* TreeNode.swift in Sources */,
				74B27B344FC60307514C2AEF /* SerializeAndDeserializeBinaryTreeSolution.swift in Sources */,
				74B2736C5E9EF5281C5AEED2 /* MergeTwoSortedListsSolution.swift in Sources */,
				74B2770A7264E39F667211B5 /* ProductOfArrayExceptSelfSolution.swift in Sources */,
				74B270737C16F3273CF889FB /* ReverseLinkedListSolution.swift in Sources */,
				74B2716F4C26CCA6DC1C1970 /* LinkedListCycleSolution.swift in Sources */,
				74B2761862749A8F99BAB432 /* JewelsAndStonesSolution.swift in Sources */,
				74B271D3F6D516058C41962D /* GroupAnagramsSolution.swift in Sources */,
				74B27814C761BD19209215A9 /* ContainerWithMostWaterSolution.swift in Sources */,
				74B27E56ED71B982CF293A9C /* SearchInRotatedSortedArraySolution.swift in Sources */,
				74B271D16AA190F56F391928 /* MergeSortedArraySolution.swift in Sources */,
				74B2770A894AE88F77ED8BFC /* NextPermutationSolution.swift in Sources */,
				74B27EE158539022FC681CFA /* PalindromeNumberSolution.swift in Sources */,
				74B27D65A26D21BAF7242380 /* MostCommonWordSolution.swift in Sources */,
				74B27D386E21F40816E653FF /* WordLadderSolution.swift in Sources */,
				74B27A91A404591E7B50C5C1 /* LicenseKeyFormattingSolution.swift in Sources */,
				74B272B4CD3D06304E531AEF /* PowXnSolution.swift in Sources */,
				74B272B85400A54C788AD8FE /* Interval.swift in Sources */,
				74B27409E82F9422C82A80DF /* MeetingRoomsIISolution.swift in Sources */,
				74B27DAB9AB09332941997B7 /* GenerateParenthesesSolution.swift in Sources */,
				74B27CF80999B45DD31F463C /* ReverseStringSolution.swift in Sources */,
				74B2762A251EB5CB4C629AF2 /* SpiralMatrixSolution.swift in Sources */,
				74B2734FAA3FE282830322DF /* GameOfLifeSolution.swift in Sources */,
				74B27DD3B749A80BD7FFF856 /* BSTIterator.swift in Sources */,
				74B271B50EC453424DAB088C /* SetMatrixZeroesSolution.swift in Sources */,
				74B2707C564226584E557D34 /* FruitIntoBasketsSolution.swift in Sources */,
				74B27FEB16CD1E70595AEC95 /* KEmptySlotsSolution.swift in Sources */,
				74B27839BA6150B0C6A0D986 /* RemoveInvalidParenthesesSolution.swift in Sources */,
				74B27677B11F4C8C5FACF806 /* LongestConsecutiveSequenceSolution.swift in Sources */,
				74B272755A98D34F8493C5F7 /* MinimumWindowSubstringSolution.swift in Sources */,
				74B274D4D2831428A1EEA58A /* BasicCalculatorSolution.swift in Sources */,
				74B27B40B338D4CB62F409B2 /* AddBinarySolution.swift in Sources */,
				74B276220C9D02D745969E10 /* MoveZeroesSolution.swift in Sources */,
				74B272A46B71CF632996950D /* MinStack.swift in Sources */,
			);
			runOnlyForDeploymentPostprocessing = 0;
		};
		EFD9FC4320599AC800299F54 /* Sources */ = {
			isa = PBXSourcesBuildPhase;
			buildActionMask = 2147483647;
			files = (
				EFD9FC612059A61700299F54 /* TwoSumSolutionSpec.swift in Sources */,
				EFE15A2B206D8922001E1BE7 /* MedianOfTwoSortedArraysSolutionSpec.swift in Sources */,
				74B27E462F2B8AEC8031EE46 /* AddTwoNumbersSolutionSpec.swift in Sources */,
				74B2767ABA7DFBDB7DE24296 /* LongestSubstringWithoutRepeatingCharactersSolutionSpec.swift in Sources */,
				74B2725F83AFF8B05836EE14 /* LongestPalindromeSolutionSpec.swift in Sources */,
				74B27FCDD4272A40EDB3812B /* ZigZagConversionSolutionSpec.swift in Sources */,
				74B272B2EBEA89F4CD19A03A /* ReverseIntegerSolutionSpec.swift in Sources */,
				74B27E7ACAB47E97F86208D4 /* RegularExpressionMatchingSolutionSpec.swift in Sources */,
				74B27C30833443E0B4D9190B /* ThreeSumSolutionSpec.swift in Sources */,
				74B271731364D61FD3070FED /* RomanToIntegerSolutionSpec.swift in Sources */,
				74B27CD62269B993EFDD5EA1 /* StringToIntegerSolutionSpec.swift in Sources */,
				74B27B3433259927955890C6 /* WordBreakSolutionSpec.swift in Sources */,
				74B2770676CDAF2B9B4FDFFE /* LRUCacheSolutionSpec.swift in Sources */,
				74B277A1E7DCF2ADB27FD3D9 /* ValidParenthesesSolutionSpec.swift in Sources */,
				74B2771AE945029153A9BD37 /* NumberOfIslandsSolutionSpec.swift in Sources */,
				74B27BAD96674C81E6DE2110 /* MergeIntervalsSolutionSpec.swift in Sources */,
				74B279ECABDEB63AF9A8C052 /* IntegerToEnglishWordsSolutionSpec.swift in Sources */,
				74B27E5DDC980B80F0973C98 /* MergeKSortedListsSolutionSpec.swift in Sources */,
				74B27AAFE3BDE8E442AFC296 /* TrappingRainWaterSolutionSpec.swift in Sources */,
				74B27EBBE3C6E4D3DE966BC9 /* MaximumSubarraySolutionSpec.swift in Sources */,
				74B27526CAA7011FDE95AC7B /* CopyListWithRandomPointerSolutionSpec.swift in Sources */,
				74B277E5B65093796431E9DF /* LetterCombinationsOfAPhoneNumberSolutionSpec.swift in Sources */,
				74B271B87DAF4B2F27A48137 /* NextClosestTimeSolutionSpec.swift in Sources */,
				74B27FF2F27B68C42A64386B /* BestTimeToBuyAndSellStockSolutionSpec.swift in Sources */,
				74B27A8053D9120F73AC5D1F /* SerializeAndDeserializeBinaryTreeSolutionSpec.swift in Sources */,
				74B27AF28DD9BF86168760C4 /* MergeTwoSortedListsSolutionSpec.swift in Sources */,
				74B27E53DB1869231338C959 /* ProductOfArrayExceptSelfSolutionSpec.swift in Sources */,
				74B27EA1964103B7FC9F4474 /* ReverseLinkedListSolutionSpec.swift in Sources */,
				74B27F012C4C98271DECB0F2 /* LinkedListCycleSolutionSpec.swift in Sources */,
				74B27A51F4CCF7BD01E532DF /* JewelsAndStonesSolutionSpec.swift in Sources */,
				74B278C55578A54FA8F1AEE3 /* GroupAnagramsSolutionSpec.swift in Sources */,
				74B2780051A70A956FC2EE61 /* ContainerWithMostWaterSolutionSpec.swift in Sources */,
				74B275AC8CFDA8B619FA295D /* SearchInRotatedSortedArraySolutionSpec.swift in Sources */,
				74B270D5982DF50E478B1452 /* MergeSortedArraySolutionSpec.swift in Sources */,
				74B27A8CF336D127CE419754 /* NextPermutationSolutionSpec.swift in Sources */,
				74B27DEB1992066548B10925 /* PalindromeNumberSolutionSpec.swift in Sources */,
				74B279B56B330E151D87DD57 /* MostCommonWordSolutionSpec.swift in Sources */,
				74B27638CA568DA8AE5F7976 /* WordLadderSolutionSpec.swift in Sources */,
				74B27419E567175988D5D609 /* LicenseKeyFormattingSolutionSpec.swift in Sources */,
				74B277DA562CD48E1CBE76C1 /* PowXnSolutionSpec.swift in Sources */,
				74B27097640FA24C728D6D0C /* MeetingRoomsIISolutionSpec.swift in Sources */,
				74B27FBC9F94C5854E794E11 /* GenerateParenthesesSolutionSpec.swift in Sources */,
				74B276160B9DEE203EAD26B2 /* ReverseStringSolutionSpec.swift in Sources */,
				74B27AA0CEC6061F6B42EC47 /* SpiralMatrixSolutionSpec.swift in Sources */,
				74B2753900F9F4B7A232471F /* GameOfLifeSolutionSpec.swift in Sources */,
				74B279ED5EE74F832AEA3C07 /* BSTIteratorSpec.swift in Sources */,
				74B270135646CD5260490797 /* SetMatrixZeroesSolutionSpec.swift in Sources */,
				74B272B287C2141F9BC520BA /* FruitIntoBasketsSolutionSpec.swift in Sources */,
				74B27DB52B4DFF944EDE8614 /* KEmptySlotsSolutionSpec.swift in Sources */,
				74B272E29D1FB6664B67BF0E /* RemoveInvalidParenthesesSolutionSpec.swift in Sources */,
				74B27E38D3C64AC08F2B4991 /* LongestConsecutiveSequenceSolutionSpec.swift in Sources */,
				74B27A37C6A14552BC9FDD29 /* MinimumWindowSubstringSolutionSpec.swift in Sources */,
				74B27E2E2F5F1CB11220971E /* BasicCalculatorSolutionSpec.swift in Sources */,
				74B27D73D12F5642C6898AB6 /* AddBinarySolutionSpec.swift in Sources */,
				74B274C29EA84B57A1F7E3E4 /* MoveZeroesSolutionSpec.swift in Sources */,
				74B276394F00E1B41B848B09 /* MinStackSpec.swift in Sources */,
			);
			runOnlyForDeploymentPostprocessing = 0;
		};
/* End PBXSourcesBuildPhase section */

/* Begin PBXTargetDependency section */
		EFD9FC4A20599AC800299F54 /* PBXTargetDependency */ = {
			isa = PBXTargetDependency;
			target = EFD9FC3D20599AC800299F54 /* LeetCodeSwift */;
			targetProxy = EFD9FC4920599AC800299F54 /* PBXContainerItemProxy */;
		};
/* End PBXTargetDependency section */

/* Begin XCBuildConfiguration section */
		EFD9FC5020599AC800299F54 /* Debug */ = {
			isa = XCBuildConfiguration;
			buildSettings = {
				ALWAYS_SEARCH_USER_PATHS = NO;
				CLANG_ANALYZER_NONNULL = YES;
				CLANG_ANALYZER_NUMBER_OBJECT_CONVERSION = YES_AGGRESSIVE;
				CLANG_CXX_LANGUAGE_STANDARD = "gnu++14";
				CLANG_CXX_LIBRARY = "libc++";
				CLANG_ENABLE_MODULES = YES;
				CLANG_ENABLE_OBJC_ARC = YES;
				CLANG_WARN_BLOCK_CAPTURE_AUTORELEASING = YES;
				CLANG_WARN_BOOL_CONVERSION = YES;
				CLANG_WARN_COMMA = YES;
				CLANG_WARN_CONSTANT_CONVERSION = YES;
				CLANG_WARN_DEPRECATED_OBJC_IMPLEMENTATIONS = YES;
				CLANG_WARN_DIRECT_OBJC_ISA_USAGE = YES_ERROR;
				CLANG_WARN_DOCUMENTATION_COMMENTS = YES;
				CLANG_WARN_EMPTY_BODY = YES;
				CLANG_WARN_ENUM_CONVERSION = YES;
				CLANG_WARN_INFINITE_RECURSION = YES;
				CLANG_WARN_INT_CONVERSION = YES;
				CLANG_WARN_NON_LITERAL_NULL_CONVERSION = YES;
				CLANG_WARN_OBJC_IMPLICIT_RETAIN_SELF = YES;
				CLANG_WARN_OBJC_LITERAL_CONVERSION = YES;
				CLANG_WARN_OBJC_ROOT_CLASS = YES_ERROR;
				CLANG_WARN_RANGE_LOOP_ANALYSIS = YES;
				CLANG_WARN_STRICT_PROTOTYPES = YES;
				CLANG_WARN_SUSPICIOUS_MOVE = YES;
				CLANG_WARN_UNGUARDED_AVAILABILITY = YES_AGGRESSIVE;
				CLANG_WARN_UNREACHABLE_CODE = YES;
				CLANG_WARN__DUPLICATE_METHOD_MATCH = YES;
				CODE_SIGN_IDENTITY = "iPhone Developer";
				COPY_PHASE_STRIP = NO;
				CURRENT_PROJECT_VERSION = 1;
				DEBUG_INFORMATION_FORMAT = dwarf;
				ENABLE_STRICT_OBJC_MSGSEND = YES;
				ENABLE_TESTABILITY = YES;
				GCC_C_LANGUAGE_STANDARD = gnu11;
				GCC_DYNAMIC_NO_PIC = NO;
				GCC_NO_COMMON_BLOCKS = YES;
				GCC_OPTIMIZATION_LEVEL = 0;
				GCC_PREPROCESSOR_DEFINITIONS = (
					"DEBUG=1",
					"$(inherited)",
				);
				GCC_WARN_64_TO_32_BIT_CONVERSION = YES;
				GCC_WARN_ABOUT_RETURN_TYPE = YES_ERROR;
				GCC_WARN_UNDECLARED_SELECTOR = YES;
				GCC_WARN_UNINITIALIZED_AUTOS = YES_AGGRESSIVE;
				GCC_WARN_UNUSED_FUNCTION = YES;
				GCC_WARN_UNUSED_VARIABLE = YES;
				IPHONEOS_DEPLOYMENT_TARGET = 11.2;
				MTL_ENABLE_DEBUG_INFO = YES;
				ONLY_ACTIVE_ARCH = YES;
				SDKROOT = iphoneos;
				SWIFT_ACTIVE_COMPILATION_CONDITIONS = DEBUG;
				SWIFT_OPTIMIZATION_LEVEL = "-Onone";
				VERSIONING_SYSTEM = "apple-generic";
				VERSION_INFO_PREFIX = "";
			};
			name = Debug;
		};
		EFD9FC5120599AC800299F54 /* Release */ = {
			isa = XCBuildConfiguration;
			buildSettings = {
				ALWAYS_SEARCH_USER_PATHS = NO;
				CLANG_ANALYZER_NONNULL = YES;
				CLANG_ANALYZER_NUMBER_OBJECT_CONVERSION = YES_AGGRESSIVE;
				CLANG_CXX_LANGUAGE_STANDARD = "gnu++14";
				CLANG_CXX_LIBRARY = "libc++";
				CLANG_ENABLE_MODULES = YES;
				CLANG_ENABLE_OBJC_ARC = YES;
				CLANG_WARN_BLOCK_CAPTURE_AUTORELEASING = YES;
				CLANG_WARN_BOOL_CONVERSION = YES;
				CLANG_WARN_COMMA = YES;
				CLANG_WARN_CONSTANT_CONVERSION = YES;
				CLANG_WARN_DEPRECATED_OBJC_IMPLEMENTATIONS = YES;
				CLANG_WARN_DIRECT_OBJC_ISA_USAGE = YES_ERROR;
				CLANG_WARN_DOCUMENTATION_COMMENTS = YES;
				CLANG_WARN_EMPTY_BODY = YES;
				CLANG_WARN_ENUM_CONVERSION = YES;
				CLANG_WARN_INFINITE_RECURSION = YES;
				CLANG_WARN_INT_CONVERSION = YES;
				CLANG_WARN_NON_LITERAL_NULL_CONVERSION = YES;
				CLANG_WARN_OBJC_IMPLICIT_RETAIN_SELF = YES;
				CLANG_WARN_OBJC_LITERAL_CONVERSION = YES;
				CLANG_WARN_OBJC_ROOT_CLASS = YES_ERROR;
				CLANG_WARN_RANGE_LOOP_ANALYSIS = YES;
				CLANG_WARN_STRICT_PROTOTYPES = YES;
				CLANG_WARN_SUSPICIOUS_MOVE = YES;
				CLANG_WARN_UNGUARDED_AVAILABILITY = YES_AGGRESSIVE;
				CLANG_WARN_UNREACHABLE_CODE = YES;
				CLANG_WARN__DUPLICATE_METHOD_MATCH = YES;
				CODE_SIGN_IDENTITY = "iPhone Developer";
				COPY_PHASE_STRIP = NO;
				CURRENT_PROJECT_VERSION = 1;
				DEBUG_INFORMATION_FORMAT = "dwarf-with-dsym";
				ENABLE_NS_ASSERTIONS = NO;
				ENABLE_STRICT_OBJC_MSGSEND = YES;
				GCC_C_LANGUAGE_STANDARD = gnu11;
				GCC_NO_COMMON_BLOCKS = YES;
				GCC_WARN_64_TO_32_BIT_CONVERSION = YES;
				GCC_WARN_ABOUT_RETURN_TYPE = YES_ERROR;
				GCC_WARN_UNDECLARED_SELECTOR = YES;
				GCC_WARN_UNINITIALIZED_AUTOS = YES_AGGRESSIVE;
				GCC_WARN_UNUSED_FUNCTION = YES;
				GCC_WARN_UNUSED_VARIABLE = YES;
				IPHONEOS_DEPLOYMENT_TARGET = 11.2;
				MTL_ENABLE_DEBUG_INFO = NO;
				SDKROOT = iphoneos;
				SWIFT_OPTIMIZATION_LEVEL = "-Owholemodule";
				VALIDATE_PRODUCT = YES;
				VERSIONING_SYSTEM = "apple-generic";
				VERSION_INFO_PREFIX = "";
			};
			name = Release;
		};
		EFD9FC5320599AC800299F54 /* Debug */ = {
			isa = XCBuildConfiguration;
			baseConfigurationReference = 249FCEA77EA2D77F31BFD9A8 /* Pods-LeetCodeSwift.debug.xcconfig */;
			buildSettings = {
				CLANG_ENABLE_MODULES = YES;
				CODE_SIGN_IDENTITY = "";
				CODE_SIGN_STYLE = Automatic;
				DEFINES_MODULE = YES;
				DEVELOPMENT_TEAM = 38SQ6BHTPL;
				DYLIB_COMPATIBILITY_VERSION = 1;
				DYLIB_CURRENT_VERSION = 1;
				DYLIB_INSTALL_NAME_BASE = "@rpath";
				INFOPLIST_FILE = LeetCodeSwift/Info.plist;
				INSTALL_PATH = "$(LOCAL_LIBRARY_DIR)/Frameworks";
				LD_RUNPATH_SEARCH_PATHS = "$(inherited) @executable_path/Frameworks @loader_path/Frameworks";
				PRODUCT_BUNDLE_IDENTIFIER = com.leetcode.LeetCodeSwift;
				PRODUCT_NAME = "$(TARGET_NAME:c99extidentifier)";
				SKIP_INSTALL = YES;
				SWIFT_OPTIMIZATION_LEVEL = "-Onone";
				SWIFT_VERSION = 4.0;
				TARGETED_DEVICE_FAMILY = "1,2";
			};
			name = Debug;
		};
		EFD9FC5420599AC800299F54 /* Release */ = {
			isa = XCBuildConfiguration;
			baseConfigurationReference = D7FCF0C7AE10142E68BFA508 /* Pods-LeetCodeSwift.release.xcconfig */;
			buildSettings = {
				CLANG_ENABLE_MODULES = YES;
				CODE_SIGN_IDENTITY = "";
				CODE_SIGN_STYLE = Automatic;
				DEFINES_MODULE = YES;
				DEVELOPMENT_TEAM = 38SQ6BHTPL;
				DYLIB_COMPATIBILITY_VERSION = 1;
				DYLIB_CURRENT_VERSION = 1;
				DYLIB_INSTALL_NAME_BASE = "@rpath";
				INFOPLIST_FILE = LeetCodeSwift/Info.plist;
				INSTALL_PATH = "$(LOCAL_LIBRARY_DIR)/Frameworks";
				LD_RUNPATH_SEARCH_PATHS = "$(inherited) @executable_path/Frameworks @loader_path/Frameworks";
				PRODUCT_BUNDLE_IDENTIFIER = com.leetcode.LeetCodeSwift;
				PRODUCT_NAME = "$(TARGET_NAME:c99extidentifier)";
				SKIP_INSTALL = YES;
				SWIFT_VERSION = 4.0;
				TARGETED_DEVICE_FAMILY = "1,2";
			};
			name = Release;
		};
		EFD9FC5620599AC800299F54 /* Debug */ = {
			isa = XCBuildConfiguration;
			baseConfigurationReference = 606F052316F4ECA9F4732741 /* Pods-LeetCodeSwiftTests.debug.xcconfig */;
			buildSettings = {
				ALWAYS_EMBED_SWIFT_STANDARD_LIBRARIES = "$(inherited)";
				CODE_SIGN_STYLE = Automatic;
				DEVELOPMENT_TEAM = 38SQ6BHTPL;
				INFOPLIST_FILE = LeetCodeSwiftTests/Info.plist;
				LD_RUNPATH_SEARCH_PATHS = "$(inherited) @executable_path/Frameworks @loader_path/Frameworks";
				PRODUCT_BUNDLE_IDENTIFIER = com.leetcode.LeetCodeSwiftTests;
				PRODUCT_NAME = "$(TARGET_NAME)";
				SWIFT_VERSION = 4.0;
				TARGETED_DEVICE_FAMILY = "1,2";
			};
			name = Debug;
		};
		EFD9FC5720599AC800299F54 /* Release */ = {
			isa = XCBuildConfiguration;
			baseConfigurationReference = AE87D98EF40E80C96299D982 /* Pods-LeetCodeSwiftTests.release.xcconfig */;
			buildSettings = {
				ALWAYS_EMBED_SWIFT_STANDARD_LIBRARIES = "$(inherited)";
				CODE_SIGN_STYLE = Automatic;
				DEVELOPMENT_TEAM = 38SQ6BHTPL;
				INFOPLIST_FILE = LeetCodeSwiftTests/Info.plist;
				LD_RUNPATH_SEARCH_PATHS = "$(inherited) @executable_path/Frameworks @loader_path/Frameworks";
				PRODUCT_BUNDLE_IDENTIFIER = com.leetcode.LeetCodeSwiftTests;
				PRODUCT_NAME = "$(TARGET_NAME)";
				SWIFT_VERSION = 4.0;
				TARGETED_DEVICE_FAMILY = "1,2";
			};
			name = Release;
		};
/* End XCBuildConfiguration section */

/* Begin XCConfigurationList section */
		EFD9FC3820599AC800299F54 /* Build configuration list for PBXProject "LeetCodeSwift" */ = {
			isa = XCConfigurationList;
			buildConfigurations = (
				EFD9FC5020599AC800299F54 /* Debug */,
				EFD9FC5120599AC800299F54 /* Release */,
			);
			defaultConfigurationIsVisible = 0;
			defaultConfigurationName = Release;
		};
		EFD9FC5220599AC800299F54 /* Build configuration list for PBXNativeTarget "LeetCodeSwift" */ = {
			isa = XCConfigurationList;
			buildConfigurations = (
				EFD9FC5320599AC800299F54 /* Debug */,
				EFD9FC5420599AC800299F54 /* Release */,
			);
			defaultConfigurationIsVisible = 0;
			defaultConfigurationName = Release;
		};
		EFD9FC5520599AC800299F54 /* Build configuration list for PBXNativeTarget "LeetCodeSwiftTests" */ = {
			isa = XCConfigurationList;
			buildConfigurations = (
				EFD9FC5620599AC800299F54 /* Debug */,
				EFD9FC5720599AC800299F54 /* Release */,
			);
			defaultConfigurationIsVisible = 0;
			defaultConfigurationName = Release;
		};
/* End XCConfigurationList section */
	};
	rootObject = EFD9FC3520599AC800299F54 /* Project object */;
}
